// !$*UTF8*$!
{
	archiveVersion = 1;
	classes = {
	};
	objectVersion = 46;
	objects = {

/* Begin PBXBuildFile section */
		5B04BDD022955C0B001BC7C8 /* Double+.swift in Sources */ = {isa = PBXBuildFile; fileRef = 5B04BDCF22955C0B001BC7C8 /* Double+.swift */; };
		5B04BDD122955C0B001BC7C8 /* Double+.swift in Sources */ = {isa = PBXBuildFile; fileRef = 5B04BDCF22955C0B001BC7C8 /* Double+.swift */; };
		5B04BDD322955C3E001BC7C8 /* Dictionary+.swift in Sources */ = {isa = PBXBuildFile; fileRef = 5B04BDD222955C3E001BC7C8 /* Dictionary+.swift */; };
		5B04BDD422955C3E001BC7C8 /* Dictionary+.swift in Sources */ = {isa = PBXBuildFile; fileRef = 5B04BDD222955C3E001BC7C8 /* Dictionary+.swift */; };
		5B1A0E24228AE6FD00B649BF /* UserCredentials.swift in Sources */ = {isa = PBXBuildFile; fileRef = 5B1A0E23228AE6FD00B649BF /* UserCredentials.swift */; };
		5B1A0E25228AE6FD00B649BF /* UserCredentials.swift in Sources */ = {isa = PBXBuildFile; fileRef = 5B1A0E23228AE6FD00B649BF /* UserCredentials.swift */; };
		5B1A0E26228AE83100B649BF /* Data+.swift in Sources */ = {isa = PBXBuildFile; fileRef = 5BA6AAC3226F191700FBB047 /* Data+.swift */; };
		5B1A0E48228DB25A00B649BF /* ViewModelBindable+UIKit.swift in Sources */ = {isa = PBXBuildFile; fileRef = 5B1A0E47228DB25A00B649BF /* ViewModelBindable+UIKit.swift */; };
		5B1A0E49228DB26E00B649BF /* ViewModelBindable.swift in Sources */ = {isa = PBXBuildFile; fileRef = 5B1C1D4E220CA99D00C40C54 /* ViewModelBindable.swift */; };
		5B1A0E4C228DB31200B649BF /* NSCollectionViewItem+.swift in Sources */ = {isa = PBXBuildFile; fileRef = 5B1A0E4B228DB31200B649BF /* NSCollectionViewItem+.swift */; };
		5B1A0E53228DB32D00B649BF /* NSMenu+.swift in Sources */ = {isa = PBXBuildFile; fileRef = 5B1A0E4D228DB32C00B649BF /* NSMenu+.swift */; };
		5B1A0E54228DB32D00B649BF /* NSPopUpButton+rx.swift in Sources */ = {isa = PBXBuildFile; fileRef = 5B1A0E4E228DB32C00B649BF /* NSPopUpButton+rx.swift */; };
		5B1A0E55228DB32D00B649BF /* NSTextField+rx.swift in Sources */ = {isa = PBXBuildFile; fileRef = 5B1A0E4F228DB32C00B649BF /* NSTextField+rx.swift */; };
		5B1A0E56228DB32D00B649BF /* NSWindow+rx.swift in Sources */ = {isa = PBXBuildFile; fileRef = 5B1A0E50228DB32C00B649BF /* NSWindow+rx.swift */; };
		5B1A0E57228DB32D00B649BF /* NSImage+save.swift in Sources */ = {isa = PBXBuildFile; fileRef = 5B1A0E51228DB32D00B649BF /* NSImage+save.swift */; };
		5B1A0E58228DB32D00B649BF /* NSPopUpButton+.swift in Sources */ = {isa = PBXBuildFile; fileRef = 5B1A0E52228DB32D00B649BF /* NSPopUpButton+.swift */; };
		5B1A0E5A228DB33F00B649BF /* ViewModelBindable+Cocoa.swift in Sources */ = {isa = PBXBuildFile; fileRef = 5B1A0E59228DB33F00B649BF /* ViewModelBindable+Cocoa.swift */; };
		5B1C1D27220C595300C40C54 /* AnimationFactory.swift in Sources */ = {isa = PBXBuildFile; fileRef = 5B1C1D26220C595300C40C54 /* AnimationFactory.swift */; };
		5B1C1D29220C7B2600C40C54 /* UIBarButtonItem+activityViewController.swift in Sources */ = {isa = PBXBuildFile; fileRef = 5B1C1D28220C7B2600C40C54 /* UIBarButtonItem+activityViewController.swift */; };
		5B1C1D2D220C7DB700C40C54 /* UITextField+.swift in Sources */ = {isa = PBXBuildFile; fileRef = 5B1C1D2C220C7DB700C40C54 /* UITextField+.swift */; };
		5B1C1D2F220C7E3300C40C54 /* URL+content.swift in Sources */ = {isa = PBXBuildFile; fileRef = 5B1C1D2E220C7E3300C40C54 /* URL+content.swift */; };
		5B1C1D31220C7ED300C40C54 /* UILabel+copyrightSuperscripted.swift in Sources */ = {isa = PBXBuildFile; fileRef = 5B1C1D30220C7ED300C40C54 /* UILabel+copyrightSuperscripted.swift */; };
		5B1C1D35220C812500C40C54 /* MultipleIndependentUiGesturing.swift in Sources */ = {isa = PBXBuildFile; fileRef = 5B1C1D34220C812500C40C54 /* MultipleIndependentUiGesturing.swift */; };
		5B1C1D3D220CA05400C40C54 /* CALayer+.swift in Sources */ = {isa = PBXBuildFile; fileRef = 5B1C1D3C220CA05400C40C54 /* CALayer+.swift */; };
		5B1C1D3F220CA0AE00C40C54 /* UIScrollView+.swift in Sources */ = {isa = PBXBuildFile; fileRef = 5B1C1D3E220CA0AE00C40C54 /* UIScrollView+.swift */; };
		5B1C1D41220CA41600C40C54 /* ArraySlice+.swift in Sources */ = {isa = PBXBuildFile; fileRef = 5B1C1D40220CA41600C40C54 /* ArraySlice+.swift */; };
		5B1C1D4B220CA8DE00C40C54 /* UserDefaultsStorable.swift in Sources */ = {isa = PBXBuildFile; fileRef = 5B1C1D4A220CA8DE00C40C54 /* UserDefaultsStorable.swift */; };
		5B1C1D4D220CA91000C40C54 /* UIScreen+.swift in Sources */ = {isa = PBXBuildFile; fileRef = 5B1C1D4C220CA90F00C40C54 /* UIScreen+.swift */; };
		5B1C1D4F220CA99E00C40C54 /* ViewModelBindable.swift in Sources */ = {isa = PBXBuildFile; fileRef = 5B1C1D4E220CA99D00C40C54 /* ViewModelBindable.swift */; };
		5B1C1D54220D955800C40C54 /* BinaryCodable.swift in Sources */ = {isa = PBXBuildFile; fileRef = 5B1C1D53220D955800C40C54 /* BinaryCodable.swift */; };
		5B1C1D60220DBAD300C40C54 /* Action.framework in Frameworks */ = {isa = PBXBuildFile; fileRef = 5B1C1D5F220DBAD300C40C54 /* Action.framework */; };
		5B1C1D64220DBAD900C40C54 /* RxAtomic.framework in Frameworks */ = {isa = PBXBuildFile; fileRef = 5B1C1D63220DBAD900C40C54 /* RxAtomic.framework */; };
		5B1C1D68220DBAE200C40C54 /* RxSwift.framework in Frameworks */ = {isa = PBXBuildFile; fileRef = 5B1C1D67220DBAE200C40C54 /* RxSwift.framework */; };
		5B1C1D6A220DBAE700C40C54 /* RxCocoa.framework in Frameworks */ = {isa = PBXBuildFile; fileRef = 5B1C1D69220DBAE700C40C54 /* RxCocoa.framework */; };
		5B7BC4E81F72C5EE00C5046A /* String+.swift in Sources */ = {isa = PBXBuildFile; fileRef = 5B7BC4E71F72C5EE00C5046A /* String+.swift */; };
		5B7BC4EA1F72CCB200C5046A /* Collection+reduce.swift in Sources */ = {isa = PBXBuildFile; fileRef = 5B7BC4E91F72CCB200C5046A /* Collection+reduce.swift */; };
		5BA6AAC4226F191700FBB047 /* Data+.swift in Sources */ = {isa = PBXBuildFile; fileRef = 5BA6AAC3226F191700FBB047 /* Data+.swift */; };
		5BA79E0B220DBCBF00C0F81D /* Observable+.swift in Sources */ = {isa = PBXBuildFile; fileRef = 5BA79E0A220DBCBF00C0F81D /* Observable+.swift */; };
		5BA79E0F220DBD0D00C0F81D /* BluetoothService.swift in Sources */ = {isa = PBXBuildFile; fileRef = 5BA79E0E220DBD0D00C0F81D /* BluetoothService.swift */; };
		5BA79E11220DBD1200C0F81D /* KeyboardService.swift in Sources */ = {isa = PBXBuildFile; fileRef = 5BA79E10220DBD1100C0F81D /* KeyboardService.swift */; };
		5BA79E14220DBF7200C0F81D /* BaseApi.swift in Sources */ = {isa = PBXBuildFile; fileRef = 5BA79E13220DBF7200C0F81D /* BaseApi.swift */; };
		5BA79E18220DBF8400C0F81D /* HTTPURLResponse+logDescription.swift in Sources */ = {isa = PBXBuildFile; fileRef = 5BA79E17220DBF8400C0F81D /* HTTPURLResponse+logDescription.swift */; };
		5BA79E1A220DBF8A00C0F81D /* URLRequest+logDescription.swift in Sources */ = {isa = PBXBuildFile; fileRef = 5BA79E19220DBF8A00C0F81D /* URLRequest+logDescription.swift */; };
		5BA79E1C220DBF9100C0F81D /* HTTPMethod.swift in Sources */ = {isa = PBXBuildFile; fileRef = 5BA79E1B220DBF9100C0F81D /* HTTPMethod.swift */; };
		5BA79E1E220DBF9800C0F81D /* ApiError.swift in Sources */ = {isa = PBXBuildFile; fileRef = 5BA79E1D220DBF9800C0F81D /* ApiError.swift */; };
		5BA79E20220DBFA200C0F81D /* HTTPHeaderFieldKey.swift in Sources */ = {isa = PBXBuildFile; fileRef = 5BA79E1F220DBFA200C0F81D /* HTTPHeaderFieldKey.swift */; };
		5BC1EB0F1F71748100BA1081 /* Date+.swift in Sources */ = {isa = PBXBuildFile; fileRef = 5BC1EB0E1F71748100BA1081 /* Date+.swift */; };
		5BC740C52242446A00E8F899 /* AppVersion.swift in Sources */ = {isa = PBXBuildFile; fileRef = 5BC740C42242446A00E8F899 /* AppVersion.swift */; };
		5BC740C92243C54A00E8F899 /* AppVersion.swift in Sources */ = {isa = PBXBuildFile; fileRef = 5BC740C82243C54A00E8F899 /* AppVersion.swift */; };
		5BF8E9581F73E97F00B7334B /* QuantiBase.framework in Frameworks */ = {isa = PBXBuildFile; fileRef = 630AF6581F44791E009CEA24 /* QuantiBase.framework */; };
		5BF8E9591F73E97F00B7334B /* QuantiBase.framework in Embed Frameworks */ = {isa = PBXBuildFile; fileRef = 630AF6581F44791E009CEA24 /* QuantiBase.framework */; settings = {ATTRIBUTES = (CodeSignOnCopy, RemoveHeadersOnCopy, ); }; };
		630AF65D1F44791E009CEA24 /* QuantiBase.h in Headers */ = {isa = PBXBuildFile; fileRef = 630AF65B1F44791E009CEA24 /* QuantiBase.h */; settings = {ATTRIBUTES = (Public, ); }; };
		6365991C1F45D2A300979BBA /* UIViewController+.swift in Sources */ = {isa = PBXBuildFile; fileRef = 6365991B1F45D2A300979BBA /* UIViewController+.swift */; };
		6365991E1F45D46000979BBA /* String+.swift in Sources */ = {isa = PBXBuildFile; fileRef = 6365991D1F45D46000979BBA /* String+.swift */; };
		636599201F45D5D300979BBA /* TimeInterval+stringRepresentation.swift in Sources */ = {isa = PBXBuildFile; fileRef = 6365991F1F45D5D300979BBA /* TimeInterval+stringRepresentation.swift */; };
		636599221F45D60500979BBA /* Date+.swift in Sources */ = {isa = PBXBuildFile; fileRef = 636599211F45D60500979BBA /* Date+.swift */; };
		636599291F45D9D900979BBA /* UIColor+.swift in Sources */ = {isa = PBXBuildFile; fileRef = 636599281F45D9D900979BBA /* UIColor+.swift */; };
		6365992B1F45DA1A00979BBA /* UIView+.swift in Sources */ = {isa = PBXBuildFile; fileRef = 6365992A1F45DA1A00979BBA /* UIView+.swift */; };
		6365992D1F45DBA100979BBA /* Array+.swift in Sources */ = {isa = PBXBuildFile; fileRef = 6365992C1F45DBA100979BBA /* Array+.swift */; };
		636599311F45DC9200979BBA /* UIImage+.swift in Sources */ = {isa = PBXBuildFile; fileRef = 636599301F45DC9200979BBA /* UIImage+.swift */; };
		636599331F45DCB500979BBA /* UIDevice+.swift in Sources */ = {isa = PBXBuildFile; fileRef = 636599321F45DCB500979BBA /* UIDevice+.swift */; };
		636599351F45DCDF00979BBA /* CGFloat+.swift in Sources */ = {isa = PBXBuildFile; fileRef = 636599341F45DCDF00979BBA /* CGFloat+.swift */; };
		6365993C1F45FA9A00979BBA /* Reachability.m in Sources */ = {isa = PBXBuildFile; fileRef = 6365993A1F45FA9A00979BBA /* Reachability.m */; };
		6365993D1F45FA9A00979BBA /* Reachability.h in Headers */ = {isa = PBXBuildFile; fileRef = 6365993B1F45FA9A00979BBA /* Reachability.h */; settings = {ATTRIBUTES = (Public, ); }; };
		6365993F1F45FAA000979BBA /* ReachabilityService.swift in Sources */ = {isa = PBXBuildFile; fileRef = 6365993E1F45FAA000979BBA /* ReachabilityService.swift */; };
		636599411F45FFE500979BBA /* MultipleDelegating.swift in Sources */ = {isa = PBXBuildFile; fileRef = 636599401F45FFE500979BBA /* MultipleDelegating.swift */; };
		636599431F46006300979BBA /* Notified.swift in Sources */ = {isa = PBXBuildFile; fileRef = 636599421F46006300979BBA /* Notified.swift */; };
		6392953F1F4B020E00F707A5 /* Queue.swift in Sources */ = {isa = PBXBuildFile; fileRef = 6392953E1F4B020E00F707A5 /* Queue.swift */; };
		63B0A8AD1F50785C00F94CDF /* QAssets.xcassets in Resources */ = {isa = PBXBuildFile; fileRef = 63B0A8AC1F50785C00F94CDF /* QAssets.xcassets */; };
		63C3388B1F474D1500DA8957 /* TableModel.swift in Sources */ = {isa = PBXBuildFile; fileRef = 63C3388A1F474D1500DA8957 /* TableModel.swift */; };
		6C19992D223D64EC005511FC /* AuthorizedBaseApi.swift in Sources */ = {isa = PBXBuildFile; fileRef = 6C6074B92236CFA5006C6B14 /* AuthorizedBaseApi.swift */; };
		6C19992F223D66CA005511FC /* RxBlocking.framework in Frameworks */ = {isa = PBXBuildFile; fileRef = D39AD2C6221BF56700C95FCA /* RxBlocking.framework */; };
		6C199931223D66F1005511FC /* Action.framework in Frameworks */ = {isa = PBXBuildFile; fileRef = D39AD2C7221BF56700C95FCA /* Action.framework */; };
		6C1F816D228C008100362D3F /* AppVersion.swift in Sources */ = {isa = PBXBuildFile; fileRef = 5BC740C42242446A00E8F899 /* AppVersion.swift */; };
		6C1F816E228C00B300362D3F /* UserDefaultsStorable.swift in Sources */ = {isa = PBXBuildFile; fileRef = 5B1C1D4A220CA8DE00C40C54 /* UserDefaultsStorable.swift */; };
		6C1F817D228C06AD00362D3F /* Data+binary.swift in Sources */ = {isa = PBXBuildFile; fileRef = 6C1F817C228C06AD00362D3F /* Data+binary.swift */; };
		6C1F817E228C06C700362D3F /* Data+binary.swift in Sources */ = {isa = PBXBuildFile; fileRef = 6C1F817C228C06AD00362D3F /* Data+binary.swift */; };
		6C1F8181228C06D700362D3F /* UInt8+binary.swift in Sources */ = {isa = PBXBuildFile; fileRef = 6C1F817F228C06D700362D3F /* UInt8+binary.swift */; };
		6C1F8182228C06D700362D3F /* UInt8+binary.swift in Sources */ = {isa = PBXBuildFile; fileRef = 6C1F817F228C06D700362D3F /* UInt8+binary.swift */; };
		6C1F8183228C06D700362D3F /* UInt16+binary.swift in Sources */ = {isa = PBXBuildFile; fileRef = 6C1F8180228C06D700362D3F /* UInt16+binary.swift */; };
		6C1F8184228C06D700362D3F /* UInt16+binary.swift in Sources */ = {isa = PBXBuildFile; fileRef = 6C1F8180228C06D700362D3F /* UInt16+binary.swift */; };
		6C1F8186228C06E800362D3F /* String+binary.swift in Sources */ = {isa = PBXBuildFile; fileRef = 6C1F8185228C06E800362D3F /* String+binary.swift */; };
		6C1F8187228C06E800362D3F /* String+binary.swift in Sources */ = {isa = PBXBuildFile; fileRef = 6C1F8185228C06E800362D3F /* String+binary.swift */; };
		6C1F8189228C070500362D3F /* ArrayUInt8+binary.swift in Sources */ = {isa = PBXBuildFile; fileRef = 6C1F8188228C070400362D3F /* ArrayUInt8+binary.swift */; };
		6C1F818A228C070500362D3F /* ArrayUInt8+binary.swift in Sources */ = {isa = PBXBuildFile; fileRef = 6C1F8188228C070400362D3F /* ArrayUInt8+binary.swift */; };
		6C1F8192228C083F00362D3F /* UITextFieldWithNoCursor.swift in Sources */ = {isa = PBXBuildFile; fileRef = 6C1F818E228C083F00362D3F /* UITextFieldWithNoCursor.swift */; };
		6C1F8193228C083F00362D3F /* UITextViewWithZeroPadding.swift in Sources */ = {isa = PBXBuildFile; fileRef = 6C1F818F228C083F00362D3F /* UITextViewWithZeroPadding.swift */; };
		6C1F8194228C083F00362D3F /* BaseButton.swift in Sources */ = {isa = PBXBuildFile; fileRef = 6C1F8190228C083F00362D3F /* BaseButton.swift */; };
		6C1F8195228C083F00362D3F /* UIToolbarForPicker.swift in Sources */ = {isa = PBXBuildFile; fileRef = 6C1F8191228C083F00362D3F /* UIToolbarForPicker.swift */; };
		6C1F819B228C089000362D3F /* ParagraphViewController.swift in Sources */ = {isa = PBXBuildFile; fileRef = 6C1F819A228C089000362D3F /* ParagraphViewController.swift */; };
		6C1F819E228C089900362D3F /* ParagraphLabel.swift in Sources */ = {isa = PBXBuildFile; fileRef = 6C1F819C228C089900362D3F /* ParagraphLabel.swift */; };
		6C1F819F228C089900362D3F /* ParagraphView.swift in Sources */ = {isa = PBXBuildFile; fileRef = 6C1F819D228C089900362D3F /* ParagraphView.swift */; };
		6C1F81A1228C08A800362D3F /* WebViewController.swift in Sources */ = {isa = PBXBuildFile; fileRef = 6C1F81A0228C08A800362D3F /* WebViewController.swift */; };
		6C1F81A5228C1E9A00362D3F /* AppLifecycleService.swift in Sources */ = {isa = PBXBuildFile; fileRef = 6C1F81A4228C1E9A00362D3F /* AppLifecycleService.swift */; };
		6C49946B229441F00039692D /* CustomActivityIndicatorView.swift in Sources */ = {isa = PBXBuildFile; fileRef = 6C49946A229441F00039692D /* CustomActivityIndicatorView.swift */; };
		6C49946D229442040039692D /* NumberedPageControl.swift in Sources */ = {isa = PBXBuildFile; fileRef = 6C49946C229442040039692D /* NumberedPageControl.swift */; };
		6C6074BA2236CFA5006C6B14 /* AuthorizedBaseApi.swift in Sources */ = {isa = PBXBuildFile; fileRef = 6C6074B92236CFA5006C6B14 /* AuthorizedBaseApi.swift */; };
		D32D96FD1F544853006A635E /* LoremSwiftum.swift in Sources */ = {isa = PBXBuildFile; fileRef = D32D96FC1F544853006A635E /* LoremSwiftum.swift */; };
		D32D97051F5449CF006A635E /* AppDelegate.swift in Sources */ = {isa = PBXBuildFile; fileRef = D32D97041F5449CF006A635E /* AppDelegate.swift */; };
		D32D97071F5449CF006A635E /* MasterViewController.swift in Sources */ = {isa = PBXBuildFile; fileRef = D32D97061F5449CF006A635E /* MasterViewController.swift */; };
		D32D970E1F5449CF006A635E /* Assets.xcassets in Resources */ = {isa = PBXBuildFile; fileRef = D32D970D1F5449CF006A635E /* Assets.xcassets */; };
		D32D971C1F5449D0006A635E /* QuantiBaseExampleUITests.swift in Sources */ = {isa = PBXBuildFile; fileRef = D32D971B1F5449D0006A635E /* QuantiBaseExampleUITests.swift */; };
		D397CEB41F520A7C00CCD70E /* TimeInterval+stringRepresentation.swift in Sources */ = {isa = PBXBuildFile; fileRef = D397CEB31F520A7C00CCD70E /* TimeInterval+stringRepresentation.swift */; };
		D397CEB61F520E5100CCD70E /* Array+.swift in Sources */ = {isa = PBXBuildFile; fileRef = D397CEB51F520E5100CCD70E /* Array+.swift */; };
		D397CEB81F520E8700CCD70E /* Collection+reduce.swift in Sources */ = {isa = PBXBuildFile; fileRef = D397CEB71F520E8700CCD70E /* Collection+reduce.swift */; };
		D39AD27A221BF2EE00C95FCA /* TimeInterval+stringRepresentation.swift in Sources */ = {isa = PBXBuildFile; fileRef = 6365991F1F45D5D300979BBA /* TimeInterval+stringRepresentation.swift */; };
		D39AD27C221BF2EE00C95FCA /* HTTPHeaderFieldKey.swift in Sources */ = {isa = PBXBuildFile; fileRef = 5BA79E1F220DBFA200C0F81D /* HTTPHeaderFieldKey.swift */; };
		D39AD27E221BF2EE00C95FCA /* HTTPURLResponse+logDescription.swift in Sources */ = {isa = PBXBuildFile; fileRef = 5BA79E17220DBF8400C0F81D /* HTTPURLResponse+logDescription.swift */; };
		D39AD281221BF2EE00C95FCA /* URL+content.swift in Sources */ = {isa = PBXBuildFile; fileRef = 5B1C1D2E220C7E3300C40C54 /* URL+content.swift */; };
		D39AD284221BF2EE00C95FCA /* (null) in Sources */ = {isa = PBXBuildFile; };
		D39AD286221BF2EE00C95FCA /* ApiFactory.swift in Sources */ = {isa = PBXBuildFile; fileRef = 5BA79E15220DBF7E00C0F81D /* ApiFactory.swift */; };
		D39AD287221BF2EE00C95FCA /* Date+.swift in Sources */ = {isa = PBXBuildFile; fileRef = 636599211F45D60500979BBA /* Date+.swift */; };
		D39AD288221BF2EE00C95FCA /* String+.swift in Sources */ = {isa = PBXBuildFile; fileRef = 6365991D1F45D46000979BBA /* String+.swift */; };
		D39AD28D221BF2EE00C95FCA /* Collection+reduce.swift in Sources */ = {isa = PBXBuildFile; fileRef = D397CEB71F520E8700CCD70E /* Collection+reduce.swift */; };
		D39AD28E221BF2EE00C95FCA /* Array+.swift in Sources */ = {isa = PBXBuildFile; fileRef = 6365992C1F45DBA100979BBA /* Array+.swift */; };
		D39AD291221BF2EE00C95FCA /* BinaryCodable.swift in Sources */ = {isa = PBXBuildFile; fileRef = 5B1C1D53220D955800C40C54 /* BinaryCodable.swift */; };
		D39AD292221BF2EE00C95FCA /* MultipleDelegating.swift in Sources */ = {isa = PBXBuildFile; fileRef = 636599401F45FFE500979BBA /* MultipleDelegating.swift */; };
		D39AD294221BF2EE00C95FCA /* BluetoothService.swift in Sources */ = {isa = PBXBuildFile; fileRef = 5BA79E0E220DBD0D00C0F81D /* BluetoothService.swift */; };
		D39AD295221BF2EE00C95FCA /* URLRequest+logDescription.swift in Sources */ = {isa = PBXBuildFile; fileRef = 5BA79E19220DBF8A00C0F81D /* URLRequest+logDescription.swift */; };
		D39AD299221BF2EE00C95FCA /* Queue.swift in Sources */ = {isa = PBXBuildFile; fileRef = 6392953E1F4B020E00F707A5 /* Queue.swift */; };
		D39AD29A221BF2EE00C95FCA /* LoremSwiftum.swift in Sources */ = {isa = PBXBuildFile; fileRef = D32D96FC1F544853006A635E /* LoremSwiftum.swift */; };
		D39AD29F221BF2EE00C95FCA /* Notified.swift in Sources */ = {isa = PBXBuildFile; fileRef = 636599421F46006300979BBA /* Notified.swift */; };
		D39AD2A3221BF2EE00C95FCA /* ArraySlice+.swift in Sources */ = {isa = PBXBuildFile; fileRef = 5B1C1D40220CA41600C40C54 /* ArraySlice+.swift */; };
		D39AD2A6221BF2EE00C95FCA /* HTTPMethod.swift in Sources */ = {isa = PBXBuildFile; fileRef = 5BA79E1B220DBF9100C0F81D /* HTTPMethod.swift */; };
		D39AD2A9221BF2EE00C95FCA /* (null) in Sources */ = {isa = PBXBuildFile; };
		D39AD2AC221BF2EE00C95FCA /* ApiError.swift in Sources */ = {isa = PBXBuildFile; fileRef = 5BA79E1D220DBF9800C0F81D /* ApiError.swift */; };
		D39AD2AD221BF2EE00C95FCA /* (null) in Sources */ = {isa = PBXBuildFile; };
		D39AD2B0221BF2EE00C95FCA /* BaseApi.swift in Sources */ = {isa = PBXBuildFile; fileRef = 5BA79E13220DBF7200C0F81D /* BaseApi.swift */; };
		D39AD2B1221BF2EE00C95FCA /* Observable+.swift in Sources */ = {isa = PBXBuildFile; fileRef = 5BA79E0A220DBCBF00C0F81D /* Observable+.swift */; };
		D39AD2BE221BF2EE00C95FCA /* QAssets.xcassets in Resources */ = {isa = PBXBuildFile; fileRef = 63B0A8AC1F50785C00F94CDF /* QAssets.xcassets */; };
		D39AD2D0221C091800C95FCA /* ApiFactory.swift in Sources */ = {isa = PBXBuildFile; fileRef = 5BA79E15220DBF7E00C0F81D /* ApiFactory.swift */; };
		D3ACC8391F50CBD800CAC22F /* QuantiBase.framework in Frameworks */ = {isa = PBXBuildFile; fileRef = 630AF6581F44791E009CEA24 /* QuantiBase.framework */; };
		D3ACC8411F50CC5B00CAC22F /* UIImage+.swift in Sources */ = {isa = PBXBuildFile; fileRef = D3ACC8401F50CC5B00CAC22F /* UIImage+.swift */; };
/* End PBXBuildFile section */

/* Begin PBXContainerItemProxy section */
		5BF8E95A1F73E97F00B7334B /* PBXContainerItemProxy */ = {
			isa = PBXContainerItemProxy;
			containerPortal = 630AF64F1F44791E009CEA24 /* Project object */;
			proxyType = 1;
			remoteGlobalIDString = 630AF6571F44791E009CEA24;
			remoteInfo = QuantiBase;
		};
		D32D97181F5449CF006A635E /* PBXContainerItemProxy */ = {
			isa = PBXContainerItemProxy;
			containerPortal = 630AF64F1F44791E009CEA24 /* Project object */;
			proxyType = 1;
			remoteGlobalIDString = D32D97011F5449CF006A635E;
			remoteInfo = QuantiBaseExample;
		};
		D3ACC83A1F50CBD800CAC22F /* PBXContainerItemProxy */ = {
			isa = PBXContainerItemProxy;
			containerPortal = 630AF64F1F44791E009CEA24 /* Project object */;
			proxyType = 1;
			remoteGlobalIDString = 630AF6571F44791E009CEA24;
			remoteInfo = QuantiBase;
		};
/* End PBXContainerItemProxy section */

/* Begin PBXCopyFilesBuildPhase section */
		5BF8E95C1F73E97F00B7334B /* Embed Frameworks */ = {
			isa = PBXCopyFilesBuildPhase;
			buildActionMask = 2147483647;
			dstPath = "";
			dstSubfolderSpec = 10;
			files = (
				5BF8E9591F73E97F00B7334B /* QuantiBase.framework in Embed Frameworks */,
			);
			name = "Embed Frameworks";
			runOnlyForDeploymentPostprocessing = 0;
		};
		6C0E33E0224387100093DC12 /* CopyFiles */ = {
			isa = PBXCopyFilesBuildPhase;
			buildActionMask = 2147483647;
			dstPath = "";
			dstSubfolderSpec = 16;
			files = (
			);
			runOnlyForDeploymentPostprocessing = 0;
		};
/* End PBXCopyFilesBuildPhase section */

/* Begin PBXFileReference section */
		5B04BDCF22955C0B001BC7C8 /* Double+.swift */ = {isa = PBXFileReference; lastKnownFileType = sourcecode.swift; path = "Double+.swift"; sourceTree = "<group>"; };
		5B04BDD222955C3E001BC7C8 /* Dictionary+.swift */ = {isa = PBXFileReference; lastKnownFileType = sourcecode.swift; path = "Dictionary+.swift"; sourceTree = "<group>"; };
		5B1A0E23228AE6FD00B649BF /* UserCredentials.swift */ = {isa = PBXFileReference; fileEncoding = 4; lastKnownFileType = sourcecode.swift; path = UserCredentials.swift; sourceTree = "<group>"; };
		5B1A0E47228DB25A00B649BF /* ViewModelBindable+UIKit.swift */ = {isa = PBXFileReference; lastKnownFileType = sourcecode.swift; path = "ViewModelBindable+UIKit.swift"; sourceTree = "<group>"; };
		5B1A0E4B228DB31200B649BF /* NSCollectionViewItem+.swift */ = {isa = PBXFileReference; fileEncoding = 4; lastKnownFileType = sourcecode.swift; path = "NSCollectionViewItem+.swift"; sourceTree = "<group>"; };
		5B1A0E4D228DB32C00B649BF /* NSMenu+.swift */ = {isa = PBXFileReference; fileEncoding = 4; lastKnownFileType = sourcecode.swift; path = "NSMenu+.swift"; sourceTree = "<group>"; };
		5B1A0E4E228DB32C00B649BF /* NSPopUpButton+rx.swift */ = {isa = PBXFileReference; fileEncoding = 4; lastKnownFileType = sourcecode.swift; path = "NSPopUpButton+rx.swift"; sourceTree = "<group>"; };
		5B1A0E4F228DB32C00B649BF /* NSTextField+rx.swift */ = {isa = PBXFileReference; fileEncoding = 4; lastKnownFileType = sourcecode.swift; path = "NSTextField+rx.swift"; sourceTree = "<group>"; };
		5B1A0E50228DB32C00B649BF /* NSWindow+rx.swift */ = {isa = PBXFileReference; fileEncoding = 4; lastKnownFileType = sourcecode.swift; path = "NSWindow+rx.swift"; sourceTree = "<group>"; };
		5B1A0E51228DB32D00B649BF /* NSImage+save.swift */ = {isa = PBXFileReference; fileEncoding = 4; lastKnownFileType = sourcecode.swift; path = "NSImage+save.swift"; sourceTree = "<group>"; };
		5B1A0E52228DB32D00B649BF /* NSPopUpButton+.swift */ = {isa = PBXFileReference; fileEncoding = 4; lastKnownFileType = sourcecode.swift; path = "NSPopUpButton+.swift"; sourceTree = "<group>"; };
		5B1A0E59228DB33F00B649BF /* ViewModelBindable+Cocoa.swift */ = {isa = PBXFileReference; fileEncoding = 4; lastKnownFileType = sourcecode.swift; path = "ViewModelBindable+Cocoa.swift"; sourceTree = "<group>"; };
		5B1C1D26220C595300C40C54 /* AnimationFactory.swift */ = {isa = PBXFileReference; lastKnownFileType = sourcecode.swift; path = AnimationFactory.swift; sourceTree = "<group>"; };
		5B1C1D28220C7B2600C40C54 /* UIBarButtonItem+activityViewController.swift */ = {isa = PBXFileReference; lastKnownFileType = sourcecode.swift; path = "UIBarButtonItem+activityViewController.swift"; sourceTree = "<group>"; };
		5B1C1D2C220C7DB700C40C54 /* UITextField+.swift */ = {isa = PBXFileReference; lastKnownFileType = sourcecode.swift; path = "UITextField+.swift"; sourceTree = "<group>"; };
		5B1C1D2E220C7E3300C40C54 /* URL+content.swift */ = {isa = PBXFileReference; lastKnownFileType = sourcecode.swift; path = "URL+content.swift"; sourceTree = "<group>"; };
		5B1C1D30220C7ED300C40C54 /* UILabel+copyrightSuperscripted.swift */ = {isa = PBXFileReference; lastKnownFileType = sourcecode.swift; path = "UILabel+copyrightSuperscripted.swift"; sourceTree = "<group>"; };
		5B1C1D34220C812500C40C54 /* MultipleIndependentUiGesturing.swift */ = {isa = PBXFileReference; fileEncoding = 4; lastKnownFileType = sourcecode.swift; path = MultipleIndependentUiGesturing.swift; sourceTree = "<group>"; };
		5B1C1D3C220CA05400C40C54 /* CALayer+.swift */ = {isa = PBXFileReference; lastKnownFileType = sourcecode.swift; path = "CALayer+.swift"; sourceTree = "<group>"; };
		5B1C1D3E220CA0AE00C40C54 /* UIScrollView+.swift */ = {isa = PBXFileReference; lastKnownFileType = sourcecode.swift; path = "UIScrollView+.swift"; sourceTree = "<group>"; };
		5B1C1D40220CA41600C40C54 /* ArraySlice+.swift */ = {isa = PBXFileReference; lastKnownFileType = sourcecode.swift; path = "ArraySlice+.swift"; sourceTree = "<group>"; };
		5B1C1D4A220CA8DE00C40C54 /* UserDefaultsStorable.swift */ = {isa = PBXFileReference; fileEncoding = 4; lastKnownFileType = sourcecode.swift; path = UserDefaultsStorable.swift; sourceTree = "<group>"; };
		5B1C1D4C220CA90F00C40C54 /* UIScreen+.swift */ = {isa = PBXFileReference; fileEncoding = 4; lastKnownFileType = sourcecode.swift; path = "UIScreen+.swift"; sourceTree = "<group>"; };
		5B1C1D4E220CA99D00C40C54 /* ViewModelBindable.swift */ = {isa = PBXFileReference; fileEncoding = 4; lastKnownFileType = sourcecode.swift; path = ViewModelBindable.swift; sourceTree = "<group>"; };
		5B1C1D53220D955800C40C54 /* BinaryCodable.swift */ = {isa = PBXFileReference; fileEncoding = 4; lastKnownFileType = sourcecode.swift; path = BinaryCodable.swift; sourceTree = "<group>"; };
		5B1C1D5F220DBAD300C40C54 /* Action.framework */ = {isa = PBXFileReference; lastKnownFileType = wrapper.framework; name = Action.framework; path = Carthage/Build/iOS/Action.framework; sourceTree = "<group>"; };
		5B1C1D63220DBAD900C40C54 /* RxAtomic.framework */ = {isa = PBXFileReference; lastKnownFileType = wrapper.framework; name = RxAtomic.framework; path = Carthage/Build/iOS/RxAtomic.framework; sourceTree = "<group>"; };
		5B1C1D67220DBAE200C40C54 /* RxSwift.framework */ = {isa = PBXFileReference; lastKnownFileType = wrapper.framework; name = RxSwift.framework; path = Carthage/Build/iOS/RxSwift.framework; sourceTree = "<group>"; };
		5B1C1D69220DBAE700C40C54 /* RxCocoa.framework */ = {isa = PBXFileReference; lastKnownFileType = wrapper.framework; name = RxCocoa.framework; path = Carthage/Build/iOS/RxCocoa.framework; sourceTree = "<group>"; };
		5B7BC4E71F72C5EE00C5046A /* String+.swift */ = {isa = PBXFileReference; lastKnownFileType = sourcecode.swift; path = "String+.swift"; sourceTree = "<group>"; };
		5B7BC4E91F72CCB200C5046A /* Collection+reduce.swift */ = {isa = PBXFileReference; lastKnownFileType = sourcecode.swift; path = "Collection+reduce.swift"; sourceTree = "<group>"; };
		5BA6AAC3226F191700FBB047 /* Data+.swift */ = {isa = PBXFileReference; lastKnownFileType = sourcecode.swift; path = "Data+.swift"; sourceTree = "<group>"; };
		5BA79E0A220DBCBF00C0F81D /* Observable+.swift */ = {isa = PBXFileReference; fileEncoding = 4; lastKnownFileType = sourcecode.swift; path = "Observable+.swift"; sourceTree = "<group>"; };
		5BA79E0E220DBD0D00C0F81D /* BluetoothService.swift */ = {isa = PBXFileReference; fileEncoding = 4; lastKnownFileType = sourcecode.swift; path = BluetoothService.swift; sourceTree = "<group>"; };
		5BA79E10220DBD1100C0F81D /* KeyboardService.swift */ = {isa = PBXFileReference; fileEncoding = 4; lastKnownFileType = sourcecode.swift; path = KeyboardService.swift; sourceTree = "<group>"; };
		5BA79E13220DBF7200C0F81D /* BaseApi.swift */ = {isa = PBXFileReference; fileEncoding = 4; lastKnownFileType = sourcecode.swift; path = BaseApi.swift; sourceTree = "<group>"; };
		5BA79E15220DBF7E00C0F81D /* ApiFactory.swift */ = {isa = PBXFileReference; fileEncoding = 4; lastKnownFileType = sourcecode.swift; path = ApiFactory.swift; sourceTree = "<group>"; };
		5BA79E17220DBF8400C0F81D /* HTTPURLResponse+logDescription.swift */ = {isa = PBXFileReference; fileEncoding = 4; lastKnownFileType = sourcecode.swift; path = "HTTPURLResponse+logDescription.swift"; sourceTree = "<group>"; };
		5BA79E19220DBF8A00C0F81D /* URLRequest+logDescription.swift */ = {isa = PBXFileReference; fileEncoding = 4; lastKnownFileType = sourcecode.swift; path = "URLRequest+logDescription.swift"; sourceTree = "<group>"; };
		5BA79E1B220DBF9100C0F81D /* HTTPMethod.swift */ = {isa = PBXFileReference; fileEncoding = 4; lastKnownFileType = sourcecode.swift; path = HTTPMethod.swift; sourceTree = "<group>"; };
		5BA79E1D220DBF9800C0F81D /* ApiError.swift */ = {isa = PBXFileReference; fileEncoding = 4; lastKnownFileType = sourcecode.swift; path = ApiError.swift; sourceTree = "<group>"; };
		5BA79E1F220DBFA200C0F81D /* HTTPHeaderFieldKey.swift */ = {isa = PBXFileReference; fileEncoding = 4; lastKnownFileType = sourcecode.swift; path = HTTPHeaderFieldKey.swift; sourceTree = "<group>"; };
		5BC1EB0E1F71748100BA1081 /* Date+.swift */ = {isa = PBXFileReference; fileEncoding = 4; lastKnownFileType = sourcecode.swift; path = "Date+.swift"; sourceTree = "<group>"; };
		5BC740C42242446A00E8F899 /* AppVersion.swift */ = {isa = PBXFileReference; lastKnownFileType = sourcecode.swift; path = AppVersion.swift; sourceTree = "<group>"; };
		5BC740C82243C54A00E8F899 /* AppVersion.swift */ = {isa = PBXFileReference; lastKnownFileType = sourcecode.swift; path = AppVersion.swift; sourceTree = "<group>"; };
		630AF6581F44791E009CEA24 /* QuantiBase.framework */ = {isa = PBXFileReference; explicitFileType = wrapper.framework; includeInIndex = 0; path = QuantiBase.framework; sourceTree = BUILT_PRODUCTS_DIR; };
		630AF65B1F44791E009CEA24 /* QuantiBase.h */ = {isa = PBXFileReference; lastKnownFileType = sourcecode.c.h; path = QuantiBase.h; sourceTree = "<group>"; };
		630AF65C1F44791E009CEA24 /* Info.plist */ = {isa = PBXFileReference; lastKnownFileType = text.plist.xml; path = Info.plist; sourceTree = "<group>"; };
		6365991B1F45D2A300979BBA /* UIViewController+.swift */ = {isa = PBXFileReference; fileEncoding = 4; lastKnownFileType = sourcecode.swift; path = "UIViewController+.swift"; sourceTree = "<group>"; };
		6365991D1F45D46000979BBA /* String+.swift */ = {isa = PBXFileReference; fileEncoding = 4; lastKnownFileType = sourcecode.swift; path = "String+.swift"; sourceTree = "<group>"; };
		6365991F1F45D5D300979BBA /* TimeInterval+stringRepresentation.swift */ = {isa = PBXFileReference; fileEncoding = 4; lastKnownFileType = sourcecode.swift; path = "TimeInterval+stringRepresentation.swift"; sourceTree = "<group>"; };
		636599211F45D60500979BBA /* Date+.swift */ = {isa = PBXFileReference; fileEncoding = 4; lastKnownFileType = sourcecode.swift; path = "Date+.swift"; sourceTree = "<group>"; };
		636599281F45D9D900979BBA /* UIColor+.swift */ = {isa = PBXFileReference; fileEncoding = 4; lastKnownFileType = sourcecode.swift; path = "UIColor+.swift"; sourceTree = "<group>"; };
		6365992A1F45DA1A00979BBA /* UIView+.swift */ = {isa = PBXFileReference; fileEncoding = 4; lastKnownFileType = sourcecode.swift; path = "UIView+.swift"; sourceTree = "<group>"; };
		6365992C1F45DBA100979BBA /* Array+.swift */ = {isa = PBXFileReference; fileEncoding = 4; lastKnownFileType = sourcecode.swift; path = "Array+.swift"; sourceTree = "<group>"; };
		636599301F45DC9200979BBA /* UIImage+.swift */ = {isa = PBXFileReference; fileEncoding = 4; lastKnownFileType = sourcecode.swift; path = "UIImage+.swift"; sourceTree = "<group>"; };
		636599321F45DCB500979BBA /* UIDevice+.swift */ = {isa = PBXFileReference; fileEncoding = 4; lastKnownFileType = sourcecode.swift; path = "UIDevice+.swift"; sourceTree = "<group>"; };
		636599341F45DCDF00979BBA /* CGFloat+.swift */ = {isa = PBXFileReference; fileEncoding = 4; lastKnownFileType = sourcecode.swift; path = "CGFloat+.swift"; sourceTree = "<group>"; };
		6365993A1F45FA9A00979BBA /* Reachability.m */ = {isa = PBXFileReference; fileEncoding = 4; lastKnownFileType = sourcecode.c.objc; path = Reachability.m; sourceTree = "<group>"; };
		6365993B1F45FA9A00979BBA /* Reachability.h */ = {isa = PBXFileReference; fileEncoding = 4; lastKnownFileType = sourcecode.c.h; path = Reachability.h; sourceTree = "<group>"; };
		6365993E1F45FAA000979BBA /* ReachabilityService.swift */ = {isa = PBXFileReference; fileEncoding = 4; lastKnownFileType = sourcecode.swift; path = ReachabilityService.swift; sourceTree = "<group>"; };
		636599401F45FFE500979BBA /* MultipleDelegating.swift */ = {isa = PBXFileReference; fileEncoding = 4; lastKnownFileType = sourcecode.swift; path = MultipleDelegating.swift; sourceTree = "<group>"; };
		636599421F46006300979BBA /* Notified.swift */ = {isa = PBXFileReference; fileEncoding = 4; lastKnownFileType = sourcecode.swift; path = Notified.swift; sourceTree = "<group>"; };
		6392953E1F4B020E00F707A5 /* Queue.swift */ = {isa = PBXFileReference; fileEncoding = 4; lastKnownFileType = sourcecode.swift; path = Queue.swift; sourceTree = "<group>"; };
		63B0A8AC1F50785C00F94CDF /* QAssets.xcassets */ = {isa = PBXFileReference; lastKnownFileType = folder.assetcatalog; path = QAssets.xcassets; sourceTree = "<group>"; };
		63C3388A1F474D1500DA8957 /* TableModel.swift */ = {isa = PBXFileReference; fileEncoding = 4; lastKnownFileType = sourcecode.swift; path = TableModel.swift; sourceTree = "<group>"; };
		6C1F817C228C06AD00362D3F /* Data+binary.swift */ = {isa = PBXFileReference; fileEncoding = 4; lastKnownFileType = sourcecode.swift; path = "Data+binary.swift"; sourceTree = "<group>"; };
		6C1F817F228C06D700362D3F /* UInt8+binary.swift */ = {isa = PBXFileReference; fileEncoding = 4; lastKnownFileType = sourcecode.swift; path = "UInt8+binary.swift"; sourceTree = "<group>"; };
		6C1F8180228C06D700362D3F /* UInt16+binary.swift */ = {isa = PBXFileReference; fileEncoding = 4; lastKnownFileType = sourcecode.swift; path = "UInt16+binary.swift"; sourceTree = "<group>"; };
		6C1F8185228C06E800362D3F /* String+binary.swift */ = {isa = PBXFileReference; fileEncoding = 4; lastKnownFileType = sourcecode.swift; path = "String+binary.swift"; sourceTree = "<group>"; };
		6C1F8188228C070400362D3F /* ArrayUInt8+binary.swift */ = {isa = PBXFileReference; fileEncoding = 4; lastKnownFileType = sourcecode.swift; path = "ArrayUInt8+binary.swift"; sourceTree = "<group>"; };
		6C1F818E228C083F00362D3F /* UITextFieldWithNoCursor.swift */ = {isa = PBXFileReference; fileEncoding = 4; lastKnownFileType = sourcecode.swift; path = UITextFieldWithNoCursor.swift; sourceTree = "<group>"; };
		6C1F818F228C083F00362D3F /* UITextViewWithZeroPadding.swift */ = {isa = PBXFileReference; fileEncoding = 4; lastKnownFileType = sourcecode.swift; path = UITextViewWithZeroPadding.swift; sourceTree = "<group>"; };
		6C1F8190228C083F00362D3F /* BaseButton.swift */ = {isa = PBXFileReference; fileEncoding = 4; lastKnownFileType = sourcecode.swift; path = BaseButton.swift; sourceTree = "<group>"; };
		6C1F8191228C083F00362D3F /* UIToolbarForPicker.swift */ = {isa = PBXFileReference; fileEncoding = 4; lastKnownFileType = sourcecode.swift; path = UIToolbarForPicker.swift; sourceTree = "<group>"; };
		6C1F819A228C089000362D3F /* ParagraphViewController.swift */ = {isa = PBXFileReference; fileEncoding = 4; lastKnownFileType = sourcecode.swift; path = ParagraphViewController.swift; sourceTree = "<group>"; };
		6C1F819C228C089900362D3F /* ParagraphLabel.swift */ = {isa = PBXFileReference; fileEncoding = 4; lastKnownFileType = sourcecode.swift; path = ParagraphLabel.swift; sourceTree = "<group>"; };
		6C1F819D228C089900362D3F /* ParagraphView.swift */ = {isa = PBXFileReference; fileEncoding = 4; lastKnownFileType = sourcecode.swift; path = ParagraphView.swift; sourceTree = "<group>"; };
		6C1F81A0228C08A800362D3F /* WebViewController.swift */ = {isa = PBXFileReference; fileEncoding = 4; lastKnownFileType = sourcecode.swift; path = WebViewController.swift; sourceTree = "<group>"; };
		6C1F81A3228C0B4200362D3F /* Info.plist */ = {isa = PBXFileReference; lastKnownFileType = text.plist.xml; path = Info.plist; sourceTree = "<group>"; };
		6C1F81A4228C1E9A00362D3F /* AppLifecycleService.swift */ = {isa = PBXFileReference; fileEncoding = 4; lastKnownFileType = sourcecode.swift; path = AppLifecycleService.swift; sourceTree = "<group>"; };
		6C49946A229441F00039692D /* CustomActivityIndicatorView.swift */ = {isa = PBXFileReference; fileEncoding = 4; lastKnownFileType = sourcecode.swift; path = CustomActivityIndicatorView.swift; sourceTree = "<group>"; };
		6C49946C229442040039692D /* NumberedPageControl.swift */ = {isa = PBXFileReference; fileEncoding = 4; lastKnownFileType = sourcecode.swift; path = NumberedPageControl.swift; sourceTree = "<group>"; };
		6C6074B92236CFA5006C6B14 /* AuthorizedBaseApi.swift */ = {isa = PBXFileReference; lastKnownFileType = sourcecode.swift; path = AuthorizedBaseApi.swift; sourceTree = "<group>"; };
		6CD4CBBC223DA00D00A6F42E /* RxTest.framework */ = {isa = PBXFileReference; lastKnownFileType = wrapper.framework; name = RxTest.framework; path = Carthage/Build/Mac/RxTest.framework; sourceTree = "<group>"; };
		D32D96FC1F544853006A635E /* LoremSwiftum.swift */ = {isa = PBXFileReference; fileEncoding = 4; lastKnownFileType = sourcecode.swift; path = LoremSwiftum.swift; sourceTree = "<group>"; };
		D32D97021F5449CF006A635E /* QuantiBaseExample.app */ = {isa = PBXFileReference; explicitFileType = wrapper.application; includeInIndex = 0; path = QuantiBaseExample.app; sourceTree = BUILT_PRODUCTS_DIR; };
		D32D97041F5449CF006A635E /* AppDelegate.swift */ = {isa = PBXFileReference; lastKnownFileType = sourcecode.swift; path = AppDelegate.swift; sourceTree = "<group>"; };
		D32D97061F5449CF006A635E /* MasterViewController.swift */ = {isa = PBXFileReference; lastKnownFileType = sourcecode.swift; path = MasterViewController.swift; sourceTree = "<group>"; };
		D32D970D1F5449CF006A635E /* Assets.xcassets */ = {isa = PBXFileReference; lastKnownFileType = folder.assetcatalog; path = Assets.xcassets; sourceTree = "<group>"; };
		D32D97121F5449CF006A635E /* Info.plist */ = {isa = PBXFileReference; lastKnownFileType = text.plist.xml; path = Info.plist; sourceTree = "<group>"; };
		D32D97171F5449CF006A635E /* QuantiBaseExampleUITests.xctest */ = {isa = PBXFileReference; explicitFileType = wrapper.cfbundle; includeInIndex = 0; path = QuantiBaseExampleUITests.xctest; sourceTree = BUILT_PRODUCTS_DIR; };
		D32D971B1F5449D0006A635E /* QuantiBaseExampleUITests.swift */ = {isa = PBXFileReference; lastKnownFileType = sourcecode.swift; path = QuantiBaseExampleUITests.swift; sourceTree = "<group>"; };
		D32D971D1F5449D0006A635E /* Info.plist */ = {isa = PBXFileReference; lastKnownFileType = text.plist.xml; path = Info.plist; sourceTree = "<group>"; };
		D397CEB31F520A7C00CCD70E /* TimeInterval+stringRepresentation.swift */ = {isa = PBXFileReference; fileEncoding = 4; lastKnownFileType = sourcecode.swift; path = "TimeInterval+stringRepresentation.swift"; sourceTree = "<group>"; };
		D397CEB51F520E5100CCD70E /* Array+.swift */ = {isa = PBXFileReference; fileEncoding = 4; lastKnownFileType = sourcecode.swift; path = "Array+.swift"; sourceTree = "<group>"; };
		D397CEB71F520E8700CCD70E /* Collection+reduce.swift */ = {isa = PBXFileReference; fileEncoding = 4; lastKnownFileType = sourcecode.swift; path = "Collection+reduce.swift"; sourceTree = "<group>"; };
		D39AD2C4221BF2EE00C95FCA /* QuantiBase.framework */ = {isa = PBXFileReference; explicitFileType = wrapper.framework; includeInIndex = 0; path = QuantiBase.framework; sourceTree = BUILT_PRODUCTS_DIR; };
		D39AD2C6221BF56700C95FCA /* RxBlocking.framework */ = {isa = PBXFileReference; lastKnownFileType = wrapper.framework; name = RxBlocking.framework; path = Carthage/Build/Mac/RxBlocking.framework; sourceTree = "<group>"; };
		D39AD2C7221BF56700C95FCA /* Action.framework */ = {isa = PBXFileReference; lastKnownFileType = wrapper.framework; name = Action.framework; path = Carthage/Build/Mac/Action.framework; sourceTree = "<group>"; };
		D3ACC8341F50CBD800CAC22F /* QuantiBaseTests.xctest */ = {isa = PBXFileReference; explicitFileType = wrapper.cfbundle; includeInIndex = 0; path = QuantiBaseTests.xctest; sourceTree = BUILT_PRODUCTS_DIR; };
		D3ACC8381F50CBD800CAC22F /* Info.plist */ = {isa = PBXFileReference; lastKnownFileType = text.plist.xml; path = Info.plist; sourceTree = "<group>"; };
		D3ACC8401F50CC5B00CAC22F /* UIImage+.swift */ = {isa = PBXFileReference; fileEncoding = 4; lastKnownFileType = sourcecode.swift; path = "UIImage+.swift"; sourceTree = "<group>"; };
/* End PBXFileReference section */

/* Begin PBXFrameworksBuildPhase section */
		630AF6541F44791E009CEA24 /* Frameworks */ = {
			isa = PBXFrameworksBuildPhase;
			buildActionMask = 2147483647;
			files = (
				5B1C1D60220DBAD300C40C54 /* Action.framework in Frameworks */,
				5B1C1D64220DBAD900C40C54 /* RxAtomic.framework in Frameworks */,
				5B1C1D68220DBAE200C40C54 /* RxSwift.framework in Frameworks */,
				5B1C1D6A220DBAE700C40C54 /* RxCocoa.framework in Frameworks */,
			);
			runOnlyForDeploymentPostprocessing = 0;
		};
		D32D96FF1F5449CF006A635E /* Frameworks */ = {
			isa = PBXFrameworksBuildPhase;
			buildActionMask = 2147483647;
			files = (
				5BF8E9581F73E97F00B7334B /* QuantiBase.framework in Frameworks */,
			);
			runOnlyForDeploymentPostprocessing = 0;
		};
		D32D97141F5449CF006A635E /* Frameworks */ = {
			isa = PBXFrameworksBuildPhase;
			buildActionMask = 2147483647;
			files = (
			);
			runOnlyForDeploymentPostprocessing = 0;
		};
		D39AD2B3221BF2EE00C95FCA /* Frameworks */ = {
			isa = PBXFrameworksBuildPhase;
			buildActionMask = 2147483647;
			files = (
				6C199931223D66F1005511FC /* Action.framework in Frameworks */,
				6C19992F223D66CA005511FC /* RxBlocking.framework in Frameworks */,
			);
			runOnlyForDeploymentPostprocessing = 0;
		};
		D3ACC8311F50CBD800CAC22F /* Frameworks */ = {
			isa = PBXFrameworksBuildPhase;
			buildActionMask = 2147483647;
			files = (
				D3ACC8391F50CBD800CAC22F /* QuantiBase.framework in Frameworks */,
			);
			runOnlyForDeploymentPostprocessing = 0;
		};
/* End PBXFrameworksBuildPhase section */

/* Begin PBXGroup section */
		5B1A0E4A228DB30300B649BF /* Extensions */ = {
			isa = PBXGroup;
			children = (
				5B1A0E59228DB33F00B649BF /* ViewModelBindable+Cocoa.swift */,
				5B1A0E4B228DB31200B649BF /* NSCollectionViewItem+.swift */,
				5B1A0E51228DB32D00B649BF /* NSImage+save.swift */,
				5B1A0E4D228DB32C00B649BF /* NSMenu+.swift */,
				5B1A0E52228DB32D00B649BF /* NSPopUpButton+.swift */,
				5B1A0E4E228DB32C00B649BF /* NSPopUpButton+rx.swift */,
				5B1A0E4F228DB32C00B649BF /* NSTextField+rx.swift */,
				5B1A0E50228DB32C00B649BF /* NSWindow+rx.swift */,
			);
			path = Extensions;
			sourceTree = "<group>";
		};
		5B1C1D50220D865D00C40C54 /* Binary */ = {
			isa = PBXGroup;
			children = (
				6C1F8188228C070400362D3F /* ArrayUInt8+binary.swift */,
				6C1F817C228C06AD00362D3F /* Data+binary.swift */,
				6C1F8185228C06E800362D3F /* String+binary.swift */,
				6C1F817F228C06D700362D3F /* UInt8+binary.swift */,
				6C1F8180228C06D700362D3F /* UInt16+binary.swift */,
			);
			name = Binary;
			sourceTree = "<group>";
		};
		5BC1EB0C1F7165F200BA1081 /* SupportingFiles */ = {
			isa = PBXGroup;
			children = (
				D32D970D1F5449CF006A635E /* Assets.xcassets */,
				D32D97121F5449CF006A635E /* Info.plist */,
			);
			name = SupportingFiles;
			sourceTree = "<group>";
		};
		5BC1EB0D1F716BF500BA1081 /* Supporting Files */ = {
			isa = PBXGroup;
			children = (
				63B0A8AC1F50785C00F94CDF /* QAssets.xcassets */,
				630AF65C1F44791E009CEA24 /* Info.plist */,
				630AF65B1F44791E009CEA24 /* QuantiBase.h */,
			);
			name = "Supporting Files";
			sourceTree = "<group>";
		};
		630AF64E1F44791E009CEA24 = {
			isa = PBXGroup;
			children = (
				630AF65A1F44791E009CEA24 /* QuantiBase */,
				D3ACC8351F50CBD800CAC22F /* QuantiBaseTests */,
				D32D97031F5449CF006A635E /* QuantiBaseExample */,
				D32D971A1F5449D0006A635E /* QuantiBaseExampleUITests */,
				630AF6591F44791E009CEA24 /* Products */,
				638A2EE21F458CB100256FC3 /* Frameworks */,
			);
			sourceTree = "<group>";
		};
		630AF6591F44791E009CEA24 /* Products */ = {
			isa = PBXGroup;
			children = (
				630AF6581F44791E009CEA24 /* QuantiBase.framework */,
				D3ACC8341F50CBD800CAC22F /* QuantiBaseTests.xctest */,
				D32D97021F5449CF006A635E /* QuantiBaseExample.app */,
				D32D97171F5449CF006A635E /* QuantiBaseExampleUITests.xctest */,
				D39AD2C4221BF2EE00C95FCA /* QuantiBase.framework */,
			);
			name = Products;
			sourceTree = "<group>";
		};
		630AF65A1F44791E009CEA24 /* QuantiBase */ = {
			isa = PBXGroup;
			children = (
				6C1F81A2228C095600362D3F /* macos */,
				6C1F816A228BFFAC00362D3F /* common */,
				6C1F816B228C001100362D3F /* ios */,
			);
			path = QuantiBase;
			sourceTree = "<group>";
		};
		638A2EE21F458CB100256FC3 /* Frameworks */ = {
			isa = PBXGroup;
			children = (
				6CD4CBBC223DA00D00A6F42E /* RxTest.framework */,
				5B1C1D69220DBAE700C40C54 /* RxCocoa.framework */,
				5B1C1D67220DBAE200C40C54 /* RxSwift.framework */,
				D39AD2C7221BF56700C95FCA /* Action.framework */,
				D39AD2C6221BF56700C95FCA /* RxBlocking.framework */,
				5B1C1D63220DBAD900C40C54 /* RxAtomic.framework */,
				5B1C1D5F220DBAD300C40C54 /* Action.framework */,
			);
			name = Frameworks;
			sourceTree = "<group>";
		};
		638A2EE91F45954F00256FC3 /* Extensions */ = {
			isa = PBXGroup;
			children = (
				5B1C1D50220D865D00C40C54 /* Binary */,
				6365992C1F45DBA100979BBA /* Array+.swift */,
				5BA79E0A220DBCBF00C0F81D /* Observable+.swift */,
				636599211F45D60500979BBA /* Date+.swift */,
				6365991F1F45D5D300979BBA /* TimeInterval+stringRepresentation.swift */,
				6365991D1F45D46000979BBA /* String+.swift */,
				D397CEB71F520E8700CCD70E /* Collection+reduce.swift */,
				5B1C1D2E220C7E3300C40C54 /* URL+content.swift */,
				5B1C1D40220CA41600C40C54 /* ArraySlice+.swift */,
				5BA6AAC3226F191700FBB047 /* Data+.swift */,
				5B04BDCF22955C0B001BC7C8 /* Double+.swift */,
				5B04BDD222955C3E001BC7C8 /* Dictionary+.swift */,
			);
			name = Extensions;
			sourceTree = "<group>";
		};
		6C1F816A228BFFAC00362D3F /* common */ = {
			isa = PBXGroup;
			children = (
				5BC740C42242446A00E8F899 /* AppVersion.swift */,
				5B1C1D53220D955800C40C54 /* BinaryCodable.swift */,
				636599401F45FFE500979BBA /* MultipleDelegating.swift */,
				636599421F46006300979BBA /* Notified.swift */,
				6392953E1F4B020E00F707A5 /* Queue.swift */,
				5B1A0E23228AE6FD00B649BF /* UserCredentials.swift */,
				5B1C1D4A220CA8DE00C40C54 /* UserDefaultsStorable.swift */,
				5B1C1D4E220CA99D00C40C54 /* ViewModelBindable.swift */,
				6C1F8177228C035E00362D3F /* 3rd party */,
				638A2EE91F45954F00256FC3 /* Extensions */,
				6C1F8173228C02E300362D3F /* HTTPNetworking */,
				6C1F8174228C02FF00362D3F /* Services */,
			);
			path = common;
			sourceTree = "<group>";
		};
		6C1F816B228C001100362D3F /* ios */ = {
			isa = PBXGroup;
			children = (
				5B1C1D26220C595300C40C54 /* AnimationFactory.swift */,
				5B1C1D34220C812500C40C54 /* MultipleIndependentUiGesturing.swift */,
				63C3388A1F474D1500DA8957 /* TableModel.swift */,
				6C1F818C228C07EF00362D3F /* Controllers */,
				6C1F8178228C041C00362D3F /* Extensions */,
				6C1F8175228C031200362D3F /* Services */,
				5BC1EB0D1F716BF500BA1081 /* Supporting Files */,
				6C1F818D228C07F700362D3F /* Views */,
			);
			path = ios;
			sourceTree = "<group>";
		};
		6C1F8173228C02E300362D3F /* HTTPNetworking */ = {
			isa = PBXGroup;
			children = (
				5BA79E1D220DBF9800C0F81D /* ApiError.swift */,
				5BA79E15220DBF7E00C0F81D /* ApiFactory.swift */,
				6C6074B92236CFA5006C6B14 /* AuthorizedBaseApi.swift */,
				5BA79E13220DBF7200C0F81D /* BaseApi.swift */,
				5BA79E1F220DBFA200C0F81D /* HTTPHeaderFieldKey.swift */,
				5BA79E1B220DBF9100C0F81D /* HTTPMethod.swift */,
				5BA79E17220DBF8400C0F81D /* HTTPURLResponse+logDescription.swift */,
				5BA79E19220DBF8A00C0F81D /* URLRequest+logDescription.swift */,
			);
			name = HTTPNetworking;
			sourceTree = "<group>";
		};
		6C1F8174228C02FF00362D3F /* Services */ = {
			isa = PBXGroup;
			children = (
				5BA79E0E220DBD0D00C0F81D /* BluetoothService.swift */,
			);
			name = Services;
			sourceTree = "<group>";
		};
		6C1F8175228C031200362D3F /* Services */ = {
			isa = PBXGroup;
			children = (
				6C1F81A4228C1E9A00362D3F /* AppLifecycleService.swift */,
				5BA79E10220DBD1100C0F81D /* KeyboardService.swift */,
				6C1F8176228C032100362D3F /* ReachabilityService */,
			);
			name = Services;
			sourceTree = "<group>";
		};
		6C1F8176228C032100362D3F /* ReachabilityService */ = {
			isa = PBXGroup;
			children = (
				6365993A1F45FA9A00979BBA /* Reachability.m */,
				6365993B1F45FA9A00979BBA /* Reachability.h */,
				6365993E1F45FAA000979BBA /* ReachabilityService.swift */,
			);
			name = ReachabilityService;
			sourceTree = "<group>";
		};
		6C1F8177228C035E00362D3F /* 3rd party */ = {
			isa = PBXGroup;
			children = (
				D32D96FC1F544853006A635E /* LoremSwiftum.swift */,
			);
			name = "3rd party";
			sourceTree = "<group>";
		};
		6C1F8178228C041C00362D3F /* Extensions */ = {
			isa = PBXGroup;
			children = (
				636599341F45DCDF00979BBA /* CGFloat+.swift */,
				5B1C1D4C220CA90F00C40C54 /* UIScreen+.swift */,
				636599281F45D9D900979BBA /* UIColor+.swift */,
				636599321F45DCB500979BBA /* UIDevice+.swift */,
				636599301F45DC9200979BBA /* UIImage+.swift */,
				6365991B1F45D2A300979BBA /* UIViewController+.swift */,
				6365992A1F45DA1A00979BBA /* UIView+.swift */,
				5B1C1D28220C7B2600C40C54 /* UIBarButtonItem+activityViewController.swift */,
				5B1C1D2C220C7DB700C40C54 /* UITextField+.swift */,
				5B1C1D30220C7ED300C40C54 /* UILabel+copyrightSuperscripted.swift */,
				5B1C1D3C220CA05400C40C54 /* CALayer+.swift */,
				5B1C1D3E220CA0AE00C40C54 /* UIScrollView+.swift */,
				5B1A0E47228DB25A00B649BF /* ViewModelBindable+UIKit.swift */,
			);
			name = Extensions;
			sourceTree = "<group>";
		};
		6C1F818C228C07EF00362D3F /* Controllers */ = {
			isa = PBXGroup;
			children = (
				6C1F8198228C087000362D3F /* ParagraphViewController */,
				6C1F81A0228C08A800362D3F /* WebViewController.swift */,
			);
			name = Controllers;
			sourceTree = "<group>";
		};
		6C1F818D228C07F700362D3F /* Views */ = {
			isa = PBXGroup;
			children = (
				6C49946C229442040039692D /* NumberedPageControl.swift */,
				6C49946A229441F00039692D /* CustomActivityIndicatorView.swift */,
				6C1F8190228C083F00362D3F /* BaseButton.swift */,
				6C1F818E228C083F00362D3F /* UITextFieldWithNoCursor.swift */,
				6C1F818F228C083F00362D3F /* UITextViewWithZeroPadding.swift */,
				6C1F8191228C083F00362D3F /* UIToolbarForPicker.swift */,
			);
			name = Views;
			sourceTree = "<group>";
		};
		6C1F8198228C087000362D3F /* ParagraphViewController */ = {
			isa = PBXGroup;
			children = (
				6C1F819A228C089000362D3F /* ParagraphViewController.swift */,
				6C1F8199228C088100362D3F /* Views */,
			);
			name = ParagraphViewController;
			sourceTree = "<group>";
		};
		6C1F8199228C088100362D3F /* Views */ = {
			isa = PBXGroup;
			children = (
				6C1F819C228C089900362D3F /* ParagraphLabel.swift */,
				6C1F819D228C089900362D3F /* ParagraphView.swift */,
			);
			name = Views;
			sourceTree = "<group>";
		};
		6C1F81A2228C095600362D3F /* macos */ = {
			isa = PBXGroup;
			children = (
				5B1A0E4A228DB30300B649BF /* Extensions */,
				6C1F81A3228C0B4200362D3F /* Info.plist */,
			);
			path = macos;
			sourceTree = "<group>";
		};
		D32D97031F5449CF006A635E /* QuantiBaseExample */ = {
			isa = PBXGroup;
			children = (
				D32D97041F5449CF006A635E /* AppDelegate.swift */,
				D32D97061F5449CF006A635E /* MasterViewController.swift */,
				5BC1EB0C1F7165F200BA1081 /* SupportingFiles */,
			);
			path = QuantiBaseExample;
			sourceTree = "<group>";
		};
		D32D971A1F5449D0006A635E /* QuantiBaseExampleUITests */ = {
			isa = PBXGroup;
			children = (
				D32D971D1F5449D0006A635E /* Info.plist */,
				D32D971B1F5449D0006A635E /* QuantiBaseExampleUITests.swift */,
			);
			path = QuantiBaseExampleUITests;
			sourceTree = "<group>";
		};
		D3ACC8351F50CBD800CAC22F /* QuantiBaseTests */ = {
			isa = PBXGroup;
			children = (
				D3ACC8381F50CBD800CAC22F /* Info.plist */,
				D3ACC8401F50CC5B00CAC22F /* UIImage+.swift */,
				D397CEB31F520A7C00CCD70E /* TimeInterval+stringRepresentation.swift */,
				D397CEB51F520E5100CCD70E /* Array+.swift */,
				5BC1EB0E1F71748100BA1081 /* Date+.swift */,
				5B7BC4E71F72C5EE00C5046A /* String+.swift */,
				5B7BC4E91F72CCB200C5046A /* Collection+reduce.swift */,
				5BC740C82243C54A00E8F899 /* AppVersion.swift */,
			);
			path = QuantiBaseTests;
			sourceTree = "<group>";
		};
/* End PBXGroup section */

/* Begin PBXHeadersBuildPhase section */
		630AF6551F44791E009CEA24 /* Headers */ = {
			isa = PBXHeadersBuildPhase;
			buildActionMask = 2147483647;
			files = (
				630AF65D1F44791E009CEA24 /* QuantiBase.h in Headers */,
				6365993D1F45FA9A00979BBA /* Reachability.h in Headers */,
			);
			runOnlyForDeploymentPostprocessing = 0;
		};
		D39AD2BA221BF2EE00C95FCA /* Headers */ = {
			isa = PBXHeadersBuildPhase;
			buildActionMask = 2147483647;
			files = (
			);
			runOnlyForDeploymentPostprocessing = 0;
		};
/* End PBXHeadersBuildPhase section */

/* Begin PBXNativeTarget section */
		630AF6571F44791E009CEA24 /* QuantiBase */ = {
			isa = PBXNativeTarget;
			buildConfigurationList = 630AF6601F44791F009CEA24 /* Build configuration list for PBXNativeTarget "QuantiBase" */;
			buildPhases = (
				5B9BCD9622118CED00ED940C /* ShellScript */,
				630AF6531F44791E009CEA24 /* Sources */,
				630AF6541F44791E009CEA24 /* Frameworks */,
				630AF6551F44791E009CEA24 /* Headers */,
				630AF6561F44791E009CEA24 /* Resources */,
				5BA79E08220DBBC900C0F81D /* ShellScript */,
			);
			buildRules = (
			);
			dependencies = (
			);
			name = QuantiBase;
			productName = QuantiBase;
			productReference = 630AF6581F44791E009CEA24 /* QuantiBase.framework */;
			productType = "com.apple.product-type.framework";
		};
		D32D97011F5449CF006A635E /* QuantiBaseExample */ = {
			isa = PBXNativeTarget;
			buildConfigurationList = D32D971E1F5449D0006A635E /* Build configuration list for PBXNativeTarget "QuantiBaseExample" */;
			buildPhases = (
				D32D96FE1F5449CF006A635E /* Sources */,
				D32D96FF1F5449CF006A635E /* Frameworks */,
				D32D97001F5449CF006A635E /* Resources */,
				5BF8E95C1F73E97F00B7334B /* Embed Frameworks */,
			);
			buildRules = (
			);
			dependencies = (
				5BF8E95B1F73E97F00B7334B /* PBXTargetDependency */,
			);
			name = QuantiBaseExample;
			productName = QuantiBaseExample;
			productReference = D32D97021F5449CF006A635E /* QuantiBaseExample.app */;
			productType = "com.apple.product-type.application";
		};
		D32D97161F5449CF006A635E /* QuantiBaseExampleUITests */ = {
			isa = PBXNativeTarget;
			buildConfigurationList = D32D97221F5449D0006A635E /* Build configuration list for PBXNativeTarget "QuantiBaseExampleUITests" */;
			buildPhases = (
				D32D97131F5449CF006A635E /* Sources */,
				D32D97141F5449CF006A635E /* Frameworks */,
				D32D97151F5449CF006A635E /* Resources */,
			);
			buildRules = (
			);
			dependencies = (
				D32D97191F5449CF006A635E /* PBXTargetDependency */,
			);
			name = QuantiBaseExampleUITests;
			productName = QuantiBaseExampleUITests;
			productReference = D32D97171F5449CF006A635E /* QuantiBaseExampleUITests.xctest */;
			productType = "com.apple.product-type.bundle.ui-testing";
		};
		D39AD276221BF2EE00C95FCA /* QuantiBase macOS */ = {
			isa = PBXNativeTarget;
			buildConfigurationList = D39AD2C0221BF2EE00C95FCA /* Build configuration list for PBXNativeTarget "QuantiBase macOS" */;
			buildPhases = (
				D39AD277221BF2EE00C95FCA /* ShellScript */,
				D39AD278221BF2EE00C95FCA /* Sources */,
				D39AD2B3221BF2EE00C95FCA /* Frameworks */,
				D39AD2BA221BF2EE00C95FCA /* Headers */,
				D39AD2BD221BF2EE00C95FCA /* Resources */,
				6C0E33E0224387100093DC12 /* CopyFiles */,
			);
			buildRules = (
			);
			dependencies = (
			);
			name = "QuantiBase macOS";
			productName = QuantiBase;
			productReference = D39AD2C4221BF2EE00C95FCA /* QuantiBase.framework */;
			productType = "com.apple.product-type.framework";
		};
		D3ACC8331F50CBD800CAC22F /* QuantiBaseTests */ = {
			isa = PBXNativeTarget;
			buildConfigurationList = D3ACC83F1F50CBD800CAC22F /* Build configuration list for PBXNativeTarget "QuantiBaseTests" */;
			buildPhases = (
				D3ACC8301F50CBD800CAC22F /* Sources */,
				D3ACC8311F50CBD800CAC22F /* Frameworks */,
				D3ACC8321F50CBD800CAC22F /* Resources */,
			);
			buildRules = (
			);
			dependencies = (
				D3ACC83B1F50CBD800CAC22F /* PBXTargetDependency */,
			);
			name = QuantiBaseTests;
			productName = QuantiBaseTests;
			productReference = D3ACC8341F50CBD800CAC22F /* QuantiBaseTests.xctest */;
			productType = "com.apple.product-type.bundle.unit-test";
		};
/* End PBXNativeTarget section */

/* Begin PBXProject section */
		630AF64F1F44791E009CEA24 /* Project object */ = {
			isa = PBXProject;
			attributes = {
				LastSwiftUpdateCheck = 0830;
				LastUpgradeCheck = 1020;
				ORGANIZATIONNAME = "David Nemec";
				TargetAttributes = {
					630AF6571F44791E009CEA24 = {
						CreatedOnToolsVersion = 8.3.3;
						LastSwiftMigration = 0900;
						ProvisioningStyle = Automatic;
					};
					D32D97011F5449CF006A635E = {
						CreatedOnToolsVersion = 8.3.3;
						LastSwiftMigration = 0900;
						ProvisioningStyle = Automatic;
					};
					D32D97161F5449CF006A635E = {
						CreatedOnToolsVersion = 8.3.3;
						LastSwiftMigration = 0900;
						ProvisioningStyle = Automatic;
						TestTargetID = D32D97011F5449CF006A635E;
					};
					D39AD276221BF2EE00C95FCA = {
						LastSwiftMigration = 1010;
						ProvisioningStyle = Automatic;
					};
					D3ACC8331F50CBD800CAC22F = {
						CreatedOnToolsVersion = 8.3.3;
						DevelopmentTeam = X9BLYWRC6A;
						LastSwiftMigration = 1020;
						ProvisioningStyle = Automatic;
					};
				};
			};
			buildConfigurationList = 630AF6521F44791E009CEA24 /* Build configuration list for PBXProject "QuantiBase" */;
			compatibilityVersion = "Xcode 3.2";
			developmentRegion = en;
			hasScannedForEncodings = 0;
			knownRegions = (
				en,
				Base,
			);
			mainGroup = 630AF64E1F44791E009CEA24;
			productRefGroup = 630AF6591F44791E009CEA24 /* Products */;
			projectDirPath = "";
			projectRoot = "";
			targets = (
				630AF6571F44791E009CEA24 /* QuantiBase */,
				D3ACC8331F50CBD800CAC22F /* QuantiBaseTests */,
				D32D97011F5449CF006A635E /* QuantiBaseExample */,
				D32D97161F5449CF006A635E /* QuantiBaseExampleUITests */,
				D39AD276221BF2EE00C95FCA /* QuantiBase macOS */,
			);
		};
/* End PBXProject section */

/* Begin PBXResourcesBuildPhase section */
		630AF6561F44791E009CEA24 /* Resources */ = {
			isa = PBXResourcesBuildPhase;
			buildActionMask = 2147483647;
			files = (
				63B0A8AD1F50785C00F94CDF /* QAssets.xcassets in Resources */,
			);
			runOnlyForDeploymentPostprocessing = 0;
		};
		D32D97001F5449CF006A635E /* Resources */ = {
			isa = PBXResourcesBuildPhase;
			buildActionMask = 2147483647;
			files = (
				D32D970E1F5449CF006A635E /* Assets.xcassets in Resources */,
			);
			runOnlyForDeploymentPostprocessing = 0;
		};
		D32D97151F5449CF006A635E /* Resources */ = {
			isa = PBXResourcesBuildPhase;
			buildActionMask = 2147483647;
			files = (
			);
			runOnlyForDeploymentPostprocessing = 0;
		};
		D39AD2BD221BF2EE00C95FCA /* Resources */ = {
			isa = PBXResourcesBuildPhase;
			buildActionMask = 2147483647;
			files = (
				D39AD2BE221BF2EE00C95FCA /* QAssets.xcassets in Resources */,
			);
			runOnlyForDeploymentPostprocessing = 0;
		};
		D3ACC8321F50CBD800CAC22F /* Resources */ = {
			isa = PBXResourcesBuildPhase;
			buildActionMask = 2147483647;
			files = (
			);
			runOnlyForDeploymentPostprocessing = 0;
		};
/* End PBXResourcesBuildPhase section */

/* Begin PBXShellScriptBuildPhase section */
		5B9BCD9622118CED00ED940C /* ShellScript */ = {
			isa = PBXShellScriptBuildPhase;
			buildActionMask = 2147483647;
			files = (
			);
			inputFileListPaths = (
			);
			inputPaths = (
			);
			outputFileListPaths = (
			);
			outputPaths = (
			);
			runOnlyForDeploymentPostprocessing = 0;
			shellPath = /bin/sh;
			shellScript = "# Type a script or drag a script file from your workspace to insert its path.\nif which swiftlint >/dev/null; then\nswiftlint\nelse\necho \"warning: SwiftLint not installed, download from https://github.com/realm/SwiftLint\"\nfi\n";
		};
		5BA79E08220DBBC900C0F81D /* ShellScript */ = {
			isa = PBXShellScriptBuildPhase;
			buildActionMask = 2147483647;
			files = (
			);
			inputFileListPaths = (
			);
			inputPaths = (
				"$(SRCROOT)/Carthage/Build/iOS/RxCocoa.framework",
				"$(SRCROOT)/Carthage/Build/iOS/RxSwift.framework",
				"$(SRCROOT)/Carthage/Build/iOS/Action.framework",
				"$(SRCROOT)/Carthage/Build/iOS/RxAtomic.framework",
			);
			outputFileListPaths = (
			);
			outputPaths = (
				"$(BUILT_PRODUCTS_DIR)/$(FRAMEWORKS_FOLDER_PATH)/RxCocoa.framework",
				"$(BUILT_PRODUCTS_DIR)/$(FRAMEWORKS_FOLDER_PATH)/RxSwift.framework",
				"$(BUILT_PRODUCTS_DIR)/$(FRAMEWORKS_FOLDER_PATH)/Action.framework",
				"$(BUILT_PRODUCTS_DIR)/$(FRAMEWORKS_FOLDER_PATH)/RxAtomic.framework",
			);
			runOnlyForDeploymentPostprocessing = 0;
			shellPath = /bin/sh;
			shellScript = "# Type a script or drag a script file from your workspace to insert its path.\n/usr/local/bin/carthage copy-frameworks\n";
			showEnvVarsInLog = 0;
		};
		D39AD277221BF2EE00C95FCA /* ShellScript */ = {
			isa = PBXShellScriptBuildPhase;
			buildActionMask = 2147483647;
			files = (
			);
			inputFileListPaths = (
			);
			inputPaths = (
			);
			outputFileListPaths = (
			);
			outputPaths = (
			);
			runOnlyForDeploymentPostprocessing = 0;
			shellPath = /bin/sh;
			shellScript = "# Type a script or drag a script file from your workspace to insert its path.\nif which swiftlint >/dev/null; then\nswiftlint autocorrect\nswiftlint\nelse\necho \"warning: SwiftLint not installed, download from https://github.com/realm/SwiftLint\"\nfi\n";
		};
/* End PBXShellScriptBuildPhase section */

/* Begin PBXSourcesBuildPhase section */
		630AF6531F44791E009CEA24 /* Sources */ = {
			isa = PBXSourcesBuildPhase;
			buildActionMask = 2147483647;
			files = (
				6C1F81A1228C08A800362D3F /* WebViewController.swift in Sources */,
				5B04BDD022955C0B001BC7C8 /* Double+.swift in Sources */,
				6C1F819B228C089000362D3F /* ParagraphViewController.swift in Sources */,
				636599201F45D5D300979BBA /* TimeInterval+stringRepresentation.swift in Sources */,
				5BA79E20220DBFA200C0F81D /* HTTPHeaderFieldKey.swift in Sources */,
				5BA6AAC4226F191700FBB047 /* Data+.swift in Sources */,
				6C49946B229441F00039692D /* CustomActivityIndicatorView.swift in Sources */,
				5B1C1D3D220CA05400C40C54 /* CALayer+.swift in Sources */,
				6C1F8189228C070500362D3F /* ArrayUInt8+binary.swift in Sources */,
				5BA79E18220DBF8400C0F81D /* HTTPURLResponse+logDescription.swift in Sources */,
				636599331F45DCB500979BBA /* UIDevice+.swift in Sources */,
				6C1F8183228C06D700362D3F /* UInt16+binary.swift in Sources */,
				5B1C1D2F220C7E3300C40C54 /* URL+content.swift in Sources */,
				636599221F45D60500979BBA /* Date+.swift in Sources */,
				6C1F8192228C083F00362D3F /* UITextFieldWithNoCursor.swift in Sources */,
				6C1F8195228C083F00362D3F /* UIToolbarForPicker.swift in Sources */,
				6C1F8193228C083F00362D3F /* UITextViewWithZeroPadding.swift in Sources */,
				6365991E1F45D46000979BBA /* String+.swift in Sources */,
				636599291F45D9D900979BBA /* UIColor+.swift in Sources */,
				5B1C1D4F220CA99E00C40C54 /* ViewModelBindable.swift in Sources */,
				5B1C1D31220C7ED300C40C54 /* UILabel+copyrightSuperscripted.swift in Sources */,
				D397CEB81F520E8700CCD70E /* Collection+reduce.swift in Sources */,
				6365992D1F45DBA100979BBA /* Array+.swift in Sources */,
				6C1F8186228C06E800362D3F /* String+binary.swift in Sources */,
				5B1C1D27220C595300C40C54 /* AnimationFactory.swift in Sources */,
				5B1C1D3F220CA0AE00C40C54 /* UIScrollView+.swift in Sources */,
				5B1C1D54220D955800C40C54 /* BinaryCodable.swift in Sources */,
				636599411F45FFE500979BBA /* MultipleDelegating.swift in Sources */,
				6365993F1F45FAA000979BBA /* ReachabilityService.swift in Sources */,
				6C49946D229442040039692D /* NumberedPageControl.swift in Sources */,
				5BA79E0F220DBD0D00C0F81D /* BluetoothService.swift in Sources */,
				5BA79E1A220DBF8A00C0F81D /* URLRequest+logDescription.swift in Sources */,
				5B1C1D2D220C7DB700C40C54 /* UITextField+.swift in Sources */,
				6392953F1F4B020E00F707A5 /* Queue.swift in Sources */,
				D32D96FD1F544853006A635E /* LoremSwiftum.swift in Sources */,
				5B1C1D4B220CA8DE00C40C54 /* UserDefaultsStorable.swift in Sources */,
				6C1F819E228C089900362D3F /* ParagraphLabel.swift in Sources */,
				6C1F8181228C06D700362D3F /* UInt8+binary.swift in Sources */,
				6C1F819F228C089900362D3F /* ParagraphView.swift in Sources */,
				6C1F817D228C06AD00362D3F /* Data+binary.swift in Sources */,
				6C1F81A5228C1E9A00362D3F /* AppLifecycleService.swift in Sources */,
				5BA79E11220DBD1200C0F81D /* KeyboardService.swift in Sources */,
				636599431F46006300979BBA /* Notified.swift in Sources */,
				6365992B1F45DA1A00979BBA /* UIView+.swift in Sources */,
				5B1C1D4D220CA91000C40C54 /* UIScreen+.swift in Sources */,
				5B04BDD322955C3E001BC7C8 /* Dictionary+.swift in Sources */,
				6365993C1F45FA9A00979BBA /* Reachability.m in Sources */,
				5B1C1D41220CA41600C40C54 /* ArraySlice+.swift in Sources */,
				6C6074BA2236CFA5006C6B14 /* AuthorizedBaseApi.swift in Sources */,
				5BC740C52242446A00E8F899 /* AppVersion.swift in Sources */,
				6C1F8194228C083F00362D3F /* BaseButton.swift in Sources */,
				5BA79E1C220DBF9100C0F81D /* HTTPMethod.swift in Sources */,
				5B1A0E24228AE6FD00B649BF /* UserCredentials.swift in Sources */,
				D39AD2D0221C091800C95FCA /* ApiFactory.swift in Sources */,
				636599351F45DCDF00979BBA /* CGFloat+.swift in Sources */,
				63C3388B1F474D1500DA8957 /* TableModel.swift in Sources */,
				5B1C1D29220C7B2600C40C54 /* UIBarButtonItem+activityViewController.swift in Sources */,
				5B1C1D35220C812500C40C54 /* MultipleIndependentUiGesturing.swift in Sources */,
				5B1A0E48228DB25A00B649BF /* ViewModelBindable+UIKit.swift in Sources */,
				5BA79E1E220DBF9800C0F81D /* ApiError.swift in Sources */,
				6365991C1F45D2A300979BBA /* UIViewController+.swift in Sources */,
				5BA79E14220DBF7200C0F81D /* BaseApi.swift in Sources */,
				5BA79E0B220DBCBF00C0F81D /* Observable+.swift in Sources */,
				636599311F45DC9200979BBA /* UIImage+.swift in Sources */,
			);
			runOnlyForDeploymentPostprocessing = 0;
		};
		D32D96FE1F5449CF006A635E /* Sources */ = {
			isa = PBXSourcesBuildPhase;
			buildActionMask = 2147483647;
			files = (
				D32D97071F5449CF006A635E /* MasterViewController.swift in Sources */,
				D32D97051F5449CF006A635E /* AppDelegate.swift in Sources */,
			);
			runOnlyForDeploymentPostprocessing = 0;
		};
		D32D97131F5449CF006A635E /* Sources */ = {
			isa = PBXSourcesBuildPhase;
			buildActionMask = 2147483647;
			files = (
				D32D971C1F5449D0006A635E /* QuantiBaseExampleUITests.swift in Sources */,
			);
			runOnlyForDeploymentPostprocessing = 0;
		};
		D39AD278221BF2EE00C95FCA /* Sources */ = {
			isa = PBXSourcesBuildPhase;
			buildActionMask = 2147483647;
			files = (
				6C1F817E228C06C700362D3F /* Data+binary.swift in Sources */,
				5B1A0E55228DB32D00B649BF /* NSTextField+rx.swift in Sources */,
				D39AD27A221BF2EE00C95FCA /* TimeInterval+stringRepresentation.swift in Sources */,
				D39AD27C221BF2EE00C95FCA /* HTTPHeaderFieldKey.swift in Sources */,
				6C1F818A228C070500362D3F /* ArrayUInt8+binary.swift in Sources */,
				5B1A0E58228DB32D00B649BF /* NSPopUpButton+.swift in Sources */,
				D39AD27E221BF2EE00C95FCA /* HTTPURLResponse+logDescription.swift in Sources */,
				D39AD281221BF2EE00C95FCA /* URL+content.swift in Sources */,
				D39AD284221BF2EE00C95FCA /* (null) in Sources */,
				6C1F8184228C06D700362D3F /* UInt16+binary.swift in Sources */,
				5B1A0E26228AE83100B649BF /* Data+.swift in Sources */,
				5B04BDD422955C3E001BC7C8 /* Dictionary+.swift in Sources */,
				D39AD286221BF2EE00C95FCA /* ApiFactory.swift in Sources */,
				D39AD287221BF2EE00C95FCA /* Date+.swift in Sources */,
				D39AD288221BF2EE00C95FCA /* String+.swift in Sources */,
				5B1A0E4C228DB31200B649BF /* NSCollectionViewItem+.swift in Sources */,
				D39AD28D221BF2EE00C95FCA /* Collection+reduce.swift in Sources */,
				D39AD28E221BF2EE00C95FCA /* Array+.swift in Sources */,
				D39AD291221BF2EE00C95FCA /* BinaryCodable.swift in Sources */,
				D39AD292221BF2EE00C95FCA /* MultipleDelegating.swift in Sources */,
				D39AD294221BF2EE00C95FCA /* BluetoothService.swift in Sources */,
				D39AD295221BF2EE00C95FCA /* URLRequest+logDescription.swift in Sources */,
				D39AD299221BF2EE00C95FCA /* Queue.swift in Sources */,
				D39AD29A221BF2EE00C95FCA /* LoremSwiftum.swift in Sources */,
				6C1F816D228C008100362D3F /* AppVersion.swift in Sources */,
				6C1F816E228C00B300362D3F /* UserDefaultsStorable.swift in Sources */,
				D39AD29F221BF2EE00C95FCA /* Notified.swift in Sources */,
				5B04BDD122955C0B001BC7C8 /* Double+.swift in Sources */,
				6C1F8187228C06E800362D3F /* String+binary.swift in Sources */,
				5B1A0E56228DB32D00B649BF /* NSWindow+rx.swift in Sources */,
				5B1A0E49228DB26E00B649BF /* ViewModelBindable.swift in Sources */,
				D39AD2A3221BF2EE00C95FCA /* ArraySlice+.swift in Sources */,
				D39AD2A6221BF2EE00C95FCA /* HTTPMethod.swift in Sources */,
				5B1A0E5A228DB33F00B649BF /* ViewModelBindable+Cocoa.swift in Sources */,
				6C1F8182228C06D700362D3F /* UInt8+binary.swift in Sources */,
				D39AD2A9221BF2EE00C95FCA /* (null) in Sources */,
				D39AD2AC221BF2EE00C95FCA /* ApiError.swift in Sources */,
				D39AD2AD221BF2EE00C95FCA /* (null) in Sources */,
				D39AD2B0221BF2EE00C95FCA /* BaseApi.swift in Sources */,
				5B1A0E53228DB32D00B649BF /* NSMenu+.swift in Sources */,
				5B1A0E25228AE6FD00B649BF /* UserCredentials.swift in Sources */,
				5B1A0E54228DB32D00B649BF /* NSPopUpButton+rx.swift in Sources */,
				5B1A0E57228DB32D00B649BF /* NSImage+save.swift in Sources */,
				6C19992D223D64EC005511FC /* AuthorizedBaseApi.swift in Sources */,
				D39AD2B1221BF2EE00C95FCA /* Observable+.swift in Sources */,
			);
			runOnlyForDeploymentPostprocessing = 0;
		};
		D3ACC8301F50CBD800CAC22F /* Sources */ = {
			isa = PBXSourcesBuildPhase;
			buildActionMask = 2147483647;
			files = (
				D397CEB41F520A7C00CCD70E /* TimeInterval+stringRepresentation.swift in Sources */,
				5BC1EB0F1F71748100BA1081 /* Date+.swift in Sources */,
				5B7BC4EA1F72CCB200C5046A /* Collection+reduce.swift in Sources */,
				5B7BC4E81F72C5EE00C5046A /* String+.swift in Sources */,
				D3ACC8411F50CC5B00CAC22F /* UIImage+.swift in Sources */,
				D397CEB61F520E5100CCD70E /* Array+.swift in Sources */,
				5BC740C92243C54A00E8F899 /* AppVersion.swift in Sources */,
			);
			runOnlyForDeploymentPostprocessing = 0;
		};
/* End PBXSourcesBuildPhase section */

/* Begin PBXTargetDependency section */
		5BF8E95B1F73E97F00B7334B /* PBXTargetDependency */ = {
			isa = PBXTargetDependency;
			target = 630AF6571F44791E009CEA24 /* QuantiBase */;
			targetProxy = 5BF8E95A1F73E97F00B7334B /* PBXContainerItemProxy */;
		};
		D32D97191F5449CF006A635E /* PBXTargetDependency */ = {
			isa = PBXTargetDependency;
			target = D32D97011F5449CF006A635E /* QuantiBaseExample */;
			targetProxy = D32D97181F5449CF006A635E /* PBXContainerItemProxy */;
		};
		D3ACC83B1F50CBD800CAC22F /* PBXTargetDependency */ = {
			isa = PBXTargetDependency;
			target = 630AF6571F44791E009CEA24 /* QuantiBase */;
			targetProxy = D3ACC83A1F50CBD800CAC22F /* PBXContainerItemProxy */;
		};
/* End PBXTargetDependency section */

/* Begin XCBuildConfiguration section */
		630AF65E1F44791E009CEA24 /* Debug */ = {
			isa = XCBuildConfiguration;
			buildSettings = {
				ALWAYS_SEARCH_USER_PATHS = NO;
				CLANG_ANALYZER_LOCALIZABILITY_NONLOCALIZED = YES;
				CLANG_ANALYZER_NONNULL = YES;
				CLANG_ANALYZER_NUMBER_OBJECT_CONVERSION = YES_AGGRESSIVE;
				CLANG_CXX_LANGUAGE_STANDARD = "gnu++0x";
				CLANG_CXX_LIBRARY = "libc++";
				CLANG_ENABLE_MODULES = YES;
				CLANG_ENABLE_OBJC_ARC = YES;
				CLANG_WARN_BLOCK_CAPTURE_AUTORELEASING = YES;
				CLANG_WARN_BOOL_CONVERSION = YES;
				CLANG_WARN_COMMA = YES;
				CLANG_WARN_CONSTANT_CONVERSION = YES;
				CLANG_WARN_DEPRECATED_OBJC_IMPLEMENTATIONS = YES;
				CLANG_WARN_DIRECT_OBJC_ISA_USAGE = YES_ERROR;
				CLANG_WARN_DOCUMENTATION_COMMENTS = YES;
				CLANG_WARN_EMPTY_BODY = YES;
				CLANG_WARN_ENUM_CONVERSION = YES;
				CLANG_WARN_INFINITE_RECURSION = YES;
				CLANG_WARN_INT_CONVERSION = YES;
				CLANG_WARN_NON_LITERAL_NULL_CONVERSION = YES;
				CLANG_WARN_OBJC_IMPLICIT_RETAIN_SELF = YES;
				CLANG_WARN_OBJC_LITERAL_CONVERSION = YES;
				CLANG_WARN_OBJC_ROOT_CLASS = YES_ERROR;
				CLANG_WARN_RANGE_LOOP_ANALYSIS = YES;
				CLANG_WARN_STRICT_PROTOTYPES = YES;
				CLANG_WARN_SUSPICIOUS_MOVE = YES;
				CLANG_WARN_UNREACHABLE_CODE = YES;
				CLANG_WARN__DUPLICATE_METHOD_MATCH = YES;
				"CODE_SIGN_IDENTITY[sdk=iphoneos*]" = "iPhone Developer";
				COPY_PHASE_STRIP = NO;
				CURRENT_PROJECT_VERSION = 1;
				DEBUG_INFORMATION_FORMAT = dwarf;
				ENABLE_STRICT_OBJC_MSGSEND = YES;
				ENABLE_TESTABILITY = YES;
				GCC_C_LANGUAGE_STANDARD = gnu99;
				GCC_DYNAMIC_NO_PIC = NO;
				GCC_NO_COMMON_BLOCKS = YES;
				GCC_OPTIMIZATION_LEVEL = 0;
				GCC_PREPROCESSOR_DEFINITIONS = (
					"DEBUG=1",
					"$(inherited)",
				);
				GCC_WARN_64_TO_32_BIT_CONVERSION = YES;
				GCC_WARN_ABOUT_RETURN_TYPE = YES_ERROR;
				GCC_WARN_UNDECLARED_SELECTOR = YES;
				GCC_WARN_UNINITIALIZED_AUTOS = YES_AGGRESSIVE;
				GCC_WARN_UNUSED_FUNCTION = YES;
				GCC_WARN_UNUSED_VARIABLE = YES;
				IPHONEOS_DEPLOYMENT_TARGET = 10.3;
				MACOSX_DEPLOYMENT_TARGET = 10.13;
				MTL_ENABLE_DEBUG_INFO = YES;
				ONLY_ACTIVE_ARCH = YES;
				SDKROOT = iphoneos;
				SWIFT_ACTIVE_COMPILATION_CONDITIONS = DEBUG;
				SWIFT_OPTIMIZATION_LEVEL = "-Onone";
				SWIFT_VERSION = 4.0;
				TARGETED_DEVICE_FAMILY = "1,2";
				VERSIONING_SYSTEM = "apple-generic";
				VERSION_INFO_PREFIX = "";
			};
			name = Debug;
		};
		630AF65F1F44791E009CEA24 /* Release */ = {
			isa = XCBuildConfiguration;
			buildSettings = {
				ALWAYS_SEARCH_USER_PATHS = NO;
				CLANG_ANALYZER_LOCALIZABILITY_NONLOCALIZED = YES;
				CLANG_ANALYZER_NONNULL = YES;
				CLANG_ANALYZER_NUMBER_OBJECT_CONVERSION = YES_AGGRESSIVE;
				CLANG_CXX_LANGUAGE_STANDARD = "gnu++0x";
				CLANG_CXX_LIBRARY = "libc++";
				CLANG_ENABLE_MODULES = YES;
				CLANG_ENABLE_OBJC_ARC = YES;
				CLANG_WARN_BLOCK_CAPTURE_AUTORELEASING = YES;
				CLANG_WARN_BOOL_CONVERSION = YES;
				CLANG_WARN_COMMA = YES;
				CLANG_WARN_CONSTANT_CONVERSION = YES;
				CLANG_WARN_DEPRECATED_OBJC_IMPLEMENTATIONS = YES;
				CLANG_WARN_DIRECT_OBJC_ISA_USAGE = YES_ERROR;
				CLANG_WARN_DOCUMENTATION_COMMENTS = YES;
				CLANG_WARN_EMPTY_BODY = YES;
				CLANG_WARN_ENUM_CONVERSION = YES;
				CLANG_WARN_INFINITE_RECURSION = YES;
				CLANG_WARN_INT_CONVERSION = YES;
				CLANG_WARN_NON_LITERAL_NULL_CONVERSION = YES;
				CLANG_WARN_OBJC_IMPLICIT_RETAIN_SELF = YES;
				CLANG_WARN_OBJC_LITERAL_CONVERSION = YES;
				CLANG_WARN_OBJC_ROOT_CLASS = YES_ERROR;
				CLANG_WARN_RANGE_LOOP_ANALYSIS = YES;
				CLANG_WARN_STRICT_PROTOTYPES = YES;
				CLANG_WARN_SUSPICIOUS_MOVE = YES;
				CLANG_WARN_UNREACHABLE_CODE = YES;
				CLANG_WARN__DUPLICATE_METHOD_MATCH = YES;
				"CODE_SIGN_IDENTITY[sdk=iphoneos*]" = "iPhone Developer";
				COPY_PHASE_STRIP = NO;
				CURRENT_PROJECT_VERSION = 1;
				DEBUG_INFORMATION_FORMAT = "dwarf-with-dsym";
				ENABLE_NS_ASSERTIONS = NO;
				ENABLE_STRICT_OBJC_MSGSEND = YES;
				GCC_C_LANGUAGE_STANDARD = gnu99;
				GCC_NO_COMMON_BLOCKS = YES;
				GCC_WARN_64_TO_32_BIT_CONVERSION = YES;
				GCC_WARN_ABOUT_RETURN_TYPE = YES_ERROR;
				GCC_WARN_UNDECLARED_SELECTOR = YES;
				GCC_WARN_UNINITIALIZED_AUTOS = YES_AGGRESSIVE;
				GCC_WARN_UNUSED_FUNCTION = YES;
				GCC_WARN_UNUSED_VARIABLE = YES;
				IPHONEOS_DEPLOYMENT_TARGET = 10.3;
				MACOSX_DEPLOYMENT_TARGET = 10.13;
				MTL_ENABLE_DEBUG_INFO = NO;
				SDKROOT = iphoneos;
				SWIFT_OPTIMIZATION_LEVEL = "-Owholemodule";
				SWIFT_VERSION = 4.0;
				TARGETED_DEVICE_FAMILY = "1,2";
				VALIDATE_PRODUCT = YES;
				VERSIONING_SYSTEM = "apple-generic";
				VERSION_INFO_PREFIX = "";
			};
			name = Release;
		};
		630AF6611F44791F009CEA24 /* Debug */ = {
			isa = XCBuildConfiguration;
			buildSettings = {
				CLANG_ENABLE_MODULES = YES;
				CODE_SIGN_IDENTITY = "";
				DEFINES_MODULE = YES;
				DEVELOPMENT_TEAM = "";
				DYLIB_COMPATIBILITY_VERSION = 1;
				DYLIB_CURRENT_VERSION = 1;
				DYLIB_INSTALL_NAME_BASE = "@rpath";
				FRAMEWORK_SEARCH_PATHS = (
					"$(inherited)",
					"$(PROJECT_DIR)/Carthage/Build/iOS",
				);
				INFOPLIST_FILE = QuantiBase/ios/Info.plist;
				INSTALL_PATH = "$(LOCAL_LIBRARY_DIR)/Frameworks";
				IPHONEOS_DEPLOYMENT_TARGET = 10.0;
				LD_RUNPATH_SEARCH_PATHS = "$(inherited) @executable_path/Frameworks @loader_path/Frameworks";
				PRODUCT_BUNDLE_IDENTIFIER = com.quanti.QuantiBase;
				PRODUCT_NAME = "$(TARGET_NAME)";
				SKIP_INSTALL = YES;
				SWIFT_OBJC_BRIDGING_HEADER = "";
				SWIFT_OPTIMIZATION_LEVEL = "-Onone";
				SWIFT_SWIFT3_OBJC_INFERENCE = Off;
				SWIFT_VERSION = 5.0;
			};
			name = Debug;
		};
		630AF6621F44791F009CEA24 /* Release */ = {
			isa = XCBuildConfiguration;
			buildSettings = {
				CLANG_ENABLE_MODULES = YES;
				CODE_SIGN_IDENTITY = "";
				DEFINES_MODULE = YES;
				DEVELOPMENT_TEAM = "";
				DYLIB_COMPATIBILITY_VERSION = 1;
				DYLIB_CURRENT_VERSION = 1;
				DYLIB_INSTALL_NAME_BASE = "@rpath";
				FRAMEWORK_SEARCH_PATHS = (
					"$(inherited)",
					"$(PROJECT_DIR)/Carthage/Build/iOS",
				);
				INFOPLIST_FILE = QuantiBase/ios/Info.plist;
				INSTALL_PATH = "$(LOCAL_LIBRARY_DIR)/Frameworks";
				IPHONEOS_DEPLOYMENT_TARGET = 10.0;
				LD_RUNPATH_SEARCH_PATHS = "$(inherited) @executable_path/Frameworks @loader_path/Frameworks";
				PRODUCT_BUNDLE_IDENTIFIER = com.quanti.QuantiBase;
				PRODUCT_NAME = "$(TARGET_NAME)";
				SKIP_INSTALL = YES;
				SWIFT_OBJC_BRIDGING_HEADER = "";
				SWIFT_SWIFT3_OBJC_INFERENCE = Off;
				SWIFT_VERSION = 5.0;
			};
			name = Release;
		};
		636599191F45CDA000979BBA /* Release-Adhoc */ = {
			isa = XCBuildConfiguration;
			buildSettings = {
				ALWAYS_SEARCH_USER_PATHS = NO;
				CLANG_ANALYZER_LOCALIZABILITY_NONLOCALIZED = YES;
				CLANG_ANALYZER_NONNULL = YES;
				CLANG_ANALYZER_NUMBER_OBJECT_CONVERSION = YES_AGGRESSIVE;
				CLANG_CXX_LANGUAGE_STANDARD = "gnu++0x";
				CLANG_CXX_LIBRARY = "libc++";
				CLANG_ENABLE_MODULES = YES;
				CLANG_ENABLE_OBJC_ARC = YES;
				CLANG_WARN_BLOCK_CAPTURE_AUTORELEASING = YES;
				CLANG_WARN_BOOL_CONVERSION = YES;
				CLANG_WARN_COMMA = YES;
				CLANG_WARN_CONSTANT_CONVERSION = YES;
				CLANG_WARN_DEPRECATED_OBJC_IMPLEMENTATIONS = YES;
				CLANG_WARN_DIRECT_OBJC_ISA_USAGE = YES_ERROR;
				CLANG_WARN_DOCUMENTATION_COMMENTS = YES;
				CLANG_WARN_EMPTY_BODY = YES;
				CLANG_WARN_ENUM_CONVERSION = YES;
				CLANG_WARN_INFINITE_RECURSION = YES;
				CLANG_WARN_INT_CONVERSION = YES;
				CLANG_WARN_NON_LITERAL_NULL_CONVERSION = YES;
				CLANG_WARN_OBJC_IMPLICIT_RETAIN_SELF = YES;
				CLANG_WARN_OBJC_LITERAL_CONVERSION = YES;
				CLANG_WARN_OBJC_ROOT_CLASS = YES_ERROR;
				CLANG_WARN_RANGE_LOOP_ANALYSIS = YES;
				CLANG_WARN_STRICT_PROTOTYPES = YES;
				CLANG_WARN_SUSPICIOUS_MOVE = YES;
				CLANG_WARN_UNREACHABLE_CODE = YES;
				CLANG_WARN__DUPLICATE_METHOD_MATCH = YES;
				"CODE_SIGN_IDENTITY[sdk=iphoneos*]" = "iPhone Developer";
				COPY_PHASE_STRIP = NO;
				CURRENT_PROJECT_VERSION = 1;
				DEBUG_INFORMATION_FORMAT = "dwarf-with-dsym";
				ENABLE_NS_ASSERTIONS = NO;
				ENABLE_STRICT_OBJC_MSGSEND = YES;
				GCC_C_LANGUAGE_STANDARD = gnu99;
				GCC_NO_COMMON_BLOCKS = YES;
				GCC_WARN_64_TO_32_BIT_CONVERSION = YES;
				GCC_WARN_ABOUT_RETURN_TYPE = YES_ERROR;
				GCC_WARN_UNDECLARED_SELECTOR = YES;
				GCC_WARN_UNINITIALIZED_AUTOS = YES_AGGRESSIVE;
				GCC_WARN_UNUSED_FUNCTION = YES;
				GCC_WARN_UNUSED_VARIABLE = YES;
				IPHONEOS_DEPLOYMENT_TARGET = 10.3;
				MACOSX_DEPLOYMENT_TARGET = 10.13;
				MTL_ENABLE_DEBUG_INFO = NO;
				SDKROOT = iphoneos;
				SWIFT_OPTIMIZATION_LEVEL = "-Owholemodule";
				SWIFT_VERSION = 4.0;
				TARGETED_DEVICE_FAMILY = "1,2";
				VALIDATE_PRODUCT = YES;
				VERSIONING_SYSTEM = "apple-generic";
				VERSION_INFO_PREFIX = "";
			};
			name = "Release-Adhoc";
		};
		6365991A1F45CDA000979BBA /* Release-Adhoc */ = {
			isa = XCBuildConfiguration;
			buildSettings = {
				CLANG_ENABLE_MODULES = YES;
				CODE_SIGN_IDENTITY = "";
				DEFINES_MODULE = YES;
				DEVELOPMENT_TEAM = "";
				DYLIB_COMPATIBILITY_VERSION = 1;
				DYLIB_CURRENT_VERSION = 1;
				DYLIB_INSTALL_NAME_BASE = "@rpath";
				FRAMEWORK_SEARCH_PATHS = (
					"$(inherited)",
					"$(PROJECT_DIR)/Carthage/Build/iOS",
				);
				INFOPLIST_FILE = QuantiBase/ios/Info.plist;
				INSTALL_PATH = "$(LOCAL_LIBRARY_DIR)/Frameworks";
				IPHONEOS_DEPLOYMENT_TARGET = 10.0;
				LD_RUNPATH_SEARCH_PATHS = "$(inherited) @executable_path/Frameworks @loader_path/Frameworks";
				PRODUCT_BUNDLE_IDENTIFIER = com.quanti.QuantiBase;
				PRODUCT_NAME = "$(TARGET_NAME)";
				SKIP_INSTALL = YES;
				SWIFT_OBJC_BRIDGING_HEADER = "";
				SWIFT_SWIFT3_OBJC_INFERENCE = Off;
				SWIFT_VERSION = 5.0;
			};
			name = "Release-Adhoc";
		};
		D32D971F1F5449D0006A635E /* Debug */ = {
			isa = XCBuildConfiguration;
			buildSettings = {
				ALWAYS_EMBED_SWIFT_STANDARD_LIBRARIES = YES;
				ASSETCATALOG_COMPILER_APPICON_NAME = AppIcon;
				DEVELOPMENT_TEAM = "";
				INFOPLIST_FILE = QuantiBaseExample/Info.plist;
				LD_RUNPATH_SEARCH_PATHS = "$(inherited) @executable_path/Frameworks";
				PRODUCT_BUNDLE_IDENTIFIER = com.quanti.QuantiBaseExample;
				PRODUCT_NAME = "$(TARGET_NAME)";
				SWIFT_SWIFT3_OBJC_INFERENCE = Off;
				SWIFT_VERSION = 5.0;
			};
			name = Debug;
		};
		D32D97201F5449D0006A635E /* Release */ = {
			isa = XCBuildConfiguration;
			buildSettings = {
				ALWAYS_EMBED_SWIFT_STANDARD_LIBRARIES = YES;
				ASSETCATALOG_COMPILER_APPICON_NAME = AppIcon;
				DEVELOPMENT_TEAM = "";
				INFOPLIST_FILE = QuantiBaseExample/Info.plist;
				LD_RUNPATH_SEARCH_PATHS = "$(inherited) @executable_path/Frameworks";
				PRODUCT_BUNDLE_IDENTIFIER = com.quanti.QuantiBaseExample;
				PRODUCT_NAME = "$(TARGET_NAME)";
				SWIFT_SWIFT3_OBJC_INFERENCE = Off;
				SWIFT_VERSION = 5.0;
			};
			name = Release;
		};
		D32D97211F5449D0006A635E /* Release-Adhoc */ = {
			isa = XCBuildConfiguration;
			buildSettings = {
				ALWAYS_EMBED_SWIFT_STANDARD_LIBRARIES = YES;
				ASSETCATALOG_COMPILER_APPICON_NAME = AppIcon;
				DEVELOPMENT_TEAM = "";
				INFOPLIST_FILE = QuantiBaseExample/Info.plist;
				LD_RUNPATH_SEARCH_PATHS = "$(inherited) @executable_path/Frameworks";
				PRODUCT_BUNDLE_IDENTIFIER = com.quanti.QuantiBaseExample;
				PRODUCT_NAME = "$(TARGET_NAME)";
				SWIFT_SWIFT3_OBJC_INFERENCE = Off;
				SWIFT_VERSION = 5.0;
			};
			name = "Release-Adhoc";
		};
		D32D97231F5449D0006A635E /* Debug */ = {
			isa = XCBuildConfiguration;
			buildSettings = {
				ALWAYS_EMBED_SWIFT_STANDARD_LIBRARIES = YES;
				DEVELOPMENT_TEAM = "";
				INFOPLIST_FILE = QuantiBaseExampleUITests/Info.plist;
				LD_RUNPATH_SEARCH_PATHS = "$(inherited) @executable_path/Frameworks @loader_path/Frameworks";
				PRODUCT_BUNDLE_IDENTIFIER = cz.quanti.QuantiBaseExampleUITests;
				PRODUCT_NAME = "$(TARGET_NAME)";
				SWIFT_SWIFT3_OBJC_INFERENCE = Off;
				SWIFT_VERSION = 5.0;
				TEST_TARGET_NAME = QuantiBaseExample;
			};
			name = Debug;
		};
		D32D97241F5449D0006A635E /* Release */ = {
			isa = XCBuildConfiguration;
			buildSettings = {
				ALWAYS_EMBED_SWIFT_STANDARD_LIBRARIES = YES;
				DEVELOPMENT_TEAM = "";
				INFOPLIST_FILE = QuantiBaseExampleUITests/Info.plist;
				LD_RUNPATH_SEARCH_PATHS = "$(inherited) @executable_path/Frameworks @loader_path/Frameworks";
				PRODUCT_BUNDLE_IDENTIFIER = cz.quanti.QuantiBaseExampleUITests;
				PRODUCT_NAME = "$(TARGET_NAME)";
				SWIFT_SWIFT3_OBJC_INFERENCE = Off;
				SWIFT_VERSION = 5.0;
				TEST_TARGET_NAME = QuantiBaseExample;
			};
			name = Release;
		};
		D32D97251F5449D0006A635E /* Release-Adhoc */ = {
			isa = XCBuildConfiguration;
			buildSettings = {
				ALWAYS_EMBED_SWIFT_STANDARD_LIBRARIES = YES;
				DEVELOPMENT_TEAM = "";
				INFOPLIST_FILE = QuantiBaseExampleUITests/Info.plist;
				LD_RUNPATH_SEARCH_PATHS = "$(inherited) @executable_path/Frameworks @loader_path/Frameworks";
				PRODUCT_BUNDLE_IDENTIFIER = cz.quanti.QuantiBaseExampleUITests;
				PRODUCT_NAME = "$(TARGET_NAME)";
				SWIFT_SWIFT3_OBJC_INFERENCE = Off;
				SWIFT_VERSION = 5.0;
				TEST_TARGET_NAME = QuantiBaseExample;
			};
			name = "Release-Adhoc";
		};
		D39AD2C1221BF2EE00C95FCA /* Debug */ = {
			isa = XCBuildConfiguration;
			buildSettings = {
				CLANG_ENABLE_MODULES = YES;
				CODE_SIGN_IDENTITY = "";
				CODE_SIGN_STYLE = Automatic;
				DEFINES_MODULE = YES;
				DEVELOPMENT_TEAM = "";
				DYLIB_COMPATIBILITY_VERSION = 1;
				DYLIB_CURRENT_VERSION = 1;
				DYLIB_INSTALL_NAME_BASE = "@rpath";
				FRAMEWORK_SEARCH_PATHS = (
					"$(inherited)",
					"$(PROJECT_DIR)/Carthage/Build/Mac",
				);
				INFOPLIST_FILE = QuantiBase/ios/Info.plist;
				INSTALL_PATH = "$(LOCAL_LIBRARY_DIR)/Frameworks";
				IPHONEOS_DEPLOYMENT_TARGET = 10.0;
				LD_RUNPATH_SEARCH_PATHS = "$(inherited) @executable_path/Frameworks @loader_path/Frameworks";
				MACOSX_DEPLOYMENT_TARGET = 10.13;
				PRODUCT_BUNDLE_IDENTIFIER = com.quanti.QuantiBase;
				PRODUCT_NAME = QuantiBase;
				PROVISIONING_PROFILE_SPECIFIER = "";
				SDKROOT = macosx;
				SKIP_INSTALL = YES;
				SWIFT_OBJC_BRIDGING_HEADER = "";
				SWIFT_OPTIMIZATION_LEVEL = "-Onone";
				SWIFT_VERSION = 5.0;
			};
			name = Debug;
		};
		D39AD2C2221BF2EE00C95FCA /* Release */ = {
			isa = XCBuildConfiguration;
			buildSettings = {
				CLANG_ENABLE_MODULES = YES;
				CODE_SIGN_IDENTITY = "";
				CODE_SIGN_STYLE = Automatic;
				DEFINES_MODULE = YES;
				DEVELOPMENT_TEAM = "";
				DYLIB_COMPATIBILITY_VERSION = 1;
				DYLIB_CURRENT_VERSION = 1;
				DYLIB_INSTALL_NAME_BASE = "@rpath";
				FRAMEWORK_SEARCH_PATHS = (
					"$(inherited)",
					"$(PROJECT_DIR)/Carthage/Build/Mac",
				);
				INFOPLIST_FILE = QuantiBase/ios/Info.plist;
				INSTALL_PATH = "$(LOCAL_LIBRARY_DIR)/Frameworks";
				IPHONEOS_DEPLOYMENT_TARGET = 10.0;
				LD_RUNPATH_SEARCH_PATHS = "$(inherited) @executable_path/Frameworks @loader_path/Frameworks";
				MACOSX_DEPLOYMENT_TARGET = 10.13;
				PRODUCT_BUNDLE_IDENTIFIER = com.quanti.QuantiBase;
				PRODUCT_NAME = QuantiBase;
				PROVISIONING_PROFILE_SPECIFIER = "";
				SDKROOT = macosx;
				SKIP_INSTALL = YES;
				SWIFT_OBJC_BRIDGING_HEADER = "";
				SWIFT_VERSION = 5.0;
			};
			name = Release;
		};
		D39AD2C3221BF2EE00C95FCA /* Release-Adhoc */ = {
			isa = XCBuildConfiguration;
			buildSettings = {
				CLANG_ENABLE_MODULES = YES;
				CODE_SIGN_IDENTITY = "";
				CODE_SIGN_STYLE = Automatic;
				DEFINES_MODULE = YES;
				DEVELOPMENT_TEAM = "";
				DYLIB_COMPATIBILITY_VERSION = 1;
				DYLIB_CURRENT_VERSION = 1;
				DYLIB_INSTALL_NAME_BASE = "@rpath";
				FRAMEWORK_SEARCH_PATHS = (
					"$(inherited)",
					"$(PROJECT_DIR)/Carthage/Build/Mac",
				);
				INFOPLIST_FILE = QuantiBase/ios/Info.plist;
				INSTALL_PATH = "$(LOCAL_LIBRARY_DIR)/Frameworks";
				IPHONEOS_DEPLOYMENT_TARGET = 10.0;
				LD_RUNPATH_SEARCH_PATHS = "$(inherited) @executable_path/Frameworks @loader_path/Frameworks";
				MACOSX_DEPLOYMENT_TARGET = 10.13;
				PRODUCT_BUNDLE_IDENTIFIER = com.quanti.QuantiBase;
				PRODUCT_NAME = QuantiBase;
				PROVISIONING_PROFILE_SPECIFIER = "";
				SDKROOT = macosx;
				SKIP_INSTALL = YES;
				SWIFT_OBJC_BRIDGING_HEADER = "";
				SWIFT_VERSION = 5.0;
			};
			name = "Release-Adhoc";
		};
		D3ACC83C1F50CBD800CAC22F /* Debug */ = {
			isa = XCBuildConfiguration;
			buildSettings = {
				DEVELOPMENT_TEAM = "";
				INFOPLIST_FILE = QuantiBaseTests/Info.plist;
				LD_RUNPATH_SEARCH_PATHS = "$(inherited) @executable_path/Frameworks @loader_path/Frameworks";
				PRODUCT_BUNDLE_IDENTIFIER = cz.quanti.QuantiBaseTests;
				PRODUCT_NAME = "$(TARGET_NAME)";
				SWIFT_VERSION = 5.0;
			};
			name = Debug;
		};
		D3ACC83D1F50CBD800CAC22F /* Release */ = {
			isa = XCBuildConfiguration;
			buildSettings = {
				DEVELOPMENT_TEAM = "";
				INFOPLIST_FILE = QuantiBaseTests/Info.plist;
				LD_RUNPATH_SEARCH_PATHS = "$(inherited) @executable_path/Frameworks @loader_path/Frameworks";
				PRODUCT_BUNDLE_IDENTIFIER = cz.quanti.QuantiBaseTests;
				PRODUCT_NAME = "$(TARGET_NAME)";
				SWIFT_VERSION = 5.0;
			};
			name = Release;
		};
		D3ACC83E1F50CBD800CAC22F /* Release-Adhoc */ = {
			isa = XCBuildConfiguration;
			buildSettings = {
				DEVELOPMENT_TEAM = "";
				INFOPLIST_FILE = QuantiBaseTests/Info.plist;
				LD_RUNPATH_SEARCH_PATHS = "$(inherited) @executable_path/Frameworks @loader_path/Frameworks";
				PRODUCT_BUNDLE_IDENTIFIER = cz.quanti.QuantiBaseTests;
				PRODUCT_NAME = "$(TARGET_NAME)";
				SWIFT_VERSION = 5.0;
			};
			name = "Release-Adhoc";
		};
/* End XCBuildConfiguration section */

/* Begin XCConfigurationList section */
		630AF6521F44791E009CEA24 /* Build configuration list for PBXProject "QuantiBase" */ = {
			isa = XCConfigurationList;
			buildConfigurations = (
				630AF65E1F44791E009CEA24 /* Debug */,
				630AF65F1F44791E009CEA24 /* Release */,
				636599191F45CDA000979BBA /* Release-Adhoc */,
			);
			defaultConfigurationIsVisible = 0;
			defaultConfigurationName = Release;
		};
		630AF6601F44791F009CEA24 /* Build configuration list for PBXNativeTarget "QuantiBase" */ = {
			isa = XCConfigurationList;
			buildConfigurations = (
				630AF6611F44791F009CEA24 /* Debug */,
				630AF6621F44791F009CEA24 /* Release */,
				6365991A1F45CDA000979BBA /* Release-Adhoc */,
			);
			defaultConfigurationIsVisible = 0;
			defaultConfigurationName = Release;
		};
		D32D971E1F5449D0006A635E /* Build configuration list for PBXNativeTarget "QuantiBaseExample" */ = {
			isa = XCConfigurationList;
			buildConfigurations = (
				D32D971F1F5449D0006A635E /* Debug */,
				D32D97201F5449D0006A635E /* Release */,
				D32D97211F5449D0006A635E /* Release-Adhoc */,
			);
			defaultConfigurationIsVisible = 0;
			defaultConfigurationName = Release;
		};
		D32D97221F5449D0006A635E /* Build configuration list for PBXNativeTarget "QuantiBaseExampleUITests" */ = {
			isa = XCConfigurationList;
			buildConfigurations = (
				D32D97231F5449D0006A635E /* Debug */,
				D32D97241F5449D0006A635E /* Release */,
				D32D97251F5449D0006A635E /* Release-Adhoc */,
			);
			defaultConfigurationIsVisible = 0;
			defaultConfigurationName = Release;
		};
		D39AD2C0221BF2EE00C95FCA /* Build configuration list for PBXNativeTarget "QuantiBase macOS" */ = {
			isa = XCConfigurationList;
			buildConfigurations = (
				D39AD2C1221BF2EE00C95FCA /* Debug */,
				D39AD2C2221BF2EE00C95FCA /* Release */,
				D39AD2C3221BF2EE00C95FCA /* Release-Adhoc */,
			);
			defaultConfigurationIsVisible = 0;
			defaultConfigurationName = Release;
		};
		D3ACC83F1F50CBD800CAC22F /* Build configuration list for PBXNativeTarget "QuantiBaseTests" */ = {
			isa = XCConfigurationList;
			buildConfigurations = (
				D3ACC83C1F50CBD800CAC22F /* Debug */,
				D3ACC83D1F50CBD800CAC22F /* Release */,
				D3ACC83E1F50CBD800CAC22F /* Release-Adhoc */,
			);
			defaultConfigurationIsVisible = 0;
			defaultConfigurationName = Release;
		};
/* End XCConfigurationList section */
	};
	rootObject = 630AF64F1F44791E009CEA24 /* Project object */;
}
